// !$*UTF8*$!
{
	archiveVersion = 1;
	classes = {
	};
	objectVersion = 46;
	objects = {

/* Begin PBXBuildFile section */
		0D2DA35B1D051497005609D2 /* main.m in Sources */ = {isa = PBXBuildFile; fileRef = 0D2DA35A1D051497005609D2 /* main.m */; };
		0D2DA35E1D051497005609D2 /* AppDelegate.mm in Sources */ = {isa = PBXBuildFile; fileRef = 0D2DA35D1D051497005609D2 /* AppDelegate.mm */; };
		0D2DA3611D051497005609D2 /* ViewController.m in Sources */ = {isa = PBXBuildFile; fileRef = 0D2DA3601D051497005609D2 /* ViewController.m */; };
		0D2DA3641D051497005609D2 /* Main.storyboard in Resources */ = {isa = PBXBuildFile; fileRef = 0D2DA3621D051497005609D2 /* Main.storyboard */; };
		0D2DA3661D051498005609D2 /* Assets.xcassets in Resources */ = {isa = PBXBuildFile; fileRef = 0D2DA3651D051498005609D2 /* Assets.xcassets */; };
		0D2DA3691D051498005609D2 /* LaunchScreen.storyboard in Resources */ = {isa = PBXBuildFile; fileRef = 0D2DA3671D051498005609D2 /* LaunchScreen.storyboard */; };
		0D2DA3741D051BDC005609D2 /* FogCloud.framework in Frameworks */ = {isa = PBXBuildFile; fileRef = 0D2DA3711D051BDC005609D2 /* FogCloud.framework */; };
		0D2DA3751D051BDC005609D2 /* libEasyLink.a in Frameworks */ = {isa = PBXBuildFile; fileRef = 0D2DA3721D051BDC005609D2 /* libEasyLink.a */; };
		0D2DA3761D051BDC005609D2 /* Others.bundle in Resources */ = {isa = PBXBuildFile; fileRef = 0D2DA3731D051BDC005609D2 /* Others.bundle */; };
		0D2DA37A1D05236E005609D2 /* UIViewController+HUD.m in Sources */ = {isa = PBXBuildFile; fileRef = 0D2DA3791D05236E005609D2 /* UIViewController+HUD.m */; };
		0D2DA3891D055AA3005609D2 /* CoreFactory.m in Sources */ = {isa = PBXBuildFile; fileRef = 0D2DA3861D055AA3005609D2 /* CoreFactory.m */; };
		0D2DA38A1D055AA3005609D2 /* CoreManager.m in Sources */ = {isa = PBXBuildFile; fileRef = 0D2DA3881D055AA3005609D2 /* CoreManager.m */; };
		0D2DA38D1D055AD8005609D2 /* CommonServiceCenter.m in Sources */ = {isa = PBXBuildFile; fileRef = 0D2DA38C1D055AD8005609D2 /* CommonServiceCenter.m */; };
		0D2DA3911D055B45005609D2 /* CommonFileUtils.m in Sources */ = {isa = PBXBuildFile; fileRef = 0D2DA3901D055B45005609D2 /* CommonFileUtils.m */; };
		0D2DA3991D055C2D005609D2 /* LogDefine.m in Sources */ = {isa = PBXBuildFile; fileRef = 0D2DA3941D055C2D005609D2 /* LogDefine.m */; };
		0D2DA39A1D055C2D005609D2 /* Logger.m in Sources */ = {isa = PBXBuildFile; fileRef = 0D2DA3961D055C2D005609D2 /* Logger.m */; };
		0D2DA39B1D055C2D005609D2 /* LoggerUtil.m in Sources */ = {isa = PBXBuildFile; fileRef = 0D2DA3981D055C2D005609D2 /* LoggerUtil.m */; };
		0D2DA39F1D055C56005609D2 /* ZipUtil.m in Sources */ = {isa = PBXBuildFile; fileRef = 0D2DA39E1D055C56005609D2 /* ZipUtil.m */; };
		0D2DA3A11D057140005609D2 /* libz.tbd in Frameworks */ = {isa = PBXBuildFile; fileRef = 0D2DA3A01D057140005609D2 /* libz.tbd */; };
		0D58BDF81D0E4CB80015D636 /* UserService.m in Sources */ = {isa = PBXBuildFile; fileRef = 0D58BDF71D0E4CB80015D636 /* UserService.m */; };
		0D58BDFC1D0E4DB40015D636 /* DeviceService.m in Sources */ = {isa = PBXBuildFile; fileRef = 0D58BDFB1D0E4DB40015D636 /* DeviceService.m */; };
		0D58BE001D0E4E410015D636 /* UserDeviceService.m in Sources */ = {isa = PBXBuildFile; fileRef = 0D58BDFF1D0E4E410015D636 /* UserDeviceService.m */; };
		0DF320F21D17C3C800B9BB67 /* HHNUtility+app.m in Sources */ = {isa = PBXBuildFile; fileRef = 0DF320ED1D17C3C800B9BB67 /* HHNUtility+app.m */; };
		0DF320F31D17C3C800B9BB67 /* HHNUtility+Device.m in Sources */ = {isa = PBXBuildFile; fileRef = 0DF320EE1D17C3C800B9BB67 /* HHNUtility+Device.m */; };
		0DF320F41D17C3C800B9BB67 /* HHNUtility+Locale.m in Sources */ = {isa = PBXBuildFile; fileRef = 0DF320EF1D17C3C800B9BB67 /* HHNUtility+Locale.m */; };
		0DF320F51D17C3C800B9BB67 /* HHNUtility.m in Sources */ = {isa = PBXBuildFile; fileRef = 0DF320F11D17C3C800B9BB67 /* HHNUtility.m */; };
		0DF320F81D17C41900B9BB67 /* NSString+extension.m in Sources */ = {isa = PBXBuildFile; fileRef = 0DF320F71D17C41900B9BB67 /* NSString+extension.m */; };
		0DF320FC1D17C5A600B9BB67 /* YTKUrlArgumentsFilter.m in Sources */ = {isa = PBXBuildFile; fileRef = 0DF320FB1D17C5A600B9BB67 /* YTKUrlArgumentsFilter.m */; };
		15A5A6E55F86D40DD7B00B98 /* libPods.a in Frameworks */ = {isa = PBXBuildFile; fileRef = 8AA0C155551DF71DFA442400 /* libPods.a */; };
/* End PBXBuildFile section */

/* Begin PBXFileReference section */
		0D2DA3561D051497005609D2 /* WB.app */ = {isa = PBXFileReference; explicitFileType = wrapper.application; includeInIndex = 0; path = WB.app; sourceTree = BUILT_PRODUCTS_DIR; };
		0D2DA35A1D051497005609D2 /* main.m */ = {isa = PBXFileReference; lastKnownFileType = sourcecode.c.objc; path = main.m; sourceTree = "<group>"; };
		0D2DA35C1D051497005609D2 /* AppDelegate.h */ = {isa = PBXFileReference; lastKnownFileType = sourcecode.c.h; path = AppDelegate.h; sourceTree = "<group>"; };
		0D2DA35D1D051497005609D2 /* AppDelegate.mm */ = {isa = PBXFileReference; lastKnownFileType = sourcecode.cpp.objcpp; path = AppDelegate.mm; sourceTree = "<group>"; };
		0D2DA35F1D051497005609D2 /* ViewController.h */ = {isa = PBXFileReference; lastKnownFileType = sourcecode.c.h; path = ViewController.h; sourceTree = "<group>"; };
		0D2DA3601D051497005609D2 /* ViewController.m */ = {isa = PBXFileReference; lastKnownFileType = sourcecode.c.objc; path = ViewController.m; sourceTree = "<group>"; };
		0D2DA3631D051497005609D2 /* Base */ = {isa = PBXFileReference; lastKnownFileType = file.storyboard; name = Base; path = Base.lproj/Main.storyboard; sourceTree = "<group>"; };
		0D2DA3651D051498005609D2 /* Assets.xcassets */ = {isa = PBXFileReference; lastKnownFileType = folder.assetcatalog; path = Assets.xcassets; sourceTree = "<group>"; };
		0D2DA3681D051498005609D2 /* Base */ = {isa = PBXFileReference; lastKnownFileType = file.storyboard; name = Base; path = Base.lproj/LaunchScreen.storyboard; sourceTree = "<group>"; };
		0D2DA36A1D051498005609D2 /* Info.plist */ = {isa = PBXFileReference; lastKnownFileType = text.plist.xml; path = Info.plist; sourceTree = "<group>"; };
		0D2DA3711D051BDC005609D2 /* FogCloud.framework */ = {isa = PBXFileReference; lastKnownFileType = wrapper.framework; path = FogCloud.framework; sourceTree = "<group>"; };
		0D2DA3721D051BDC005609D2 /* libEasyLink.a */ = {isa = PBXFileReference; lastKnownFileType = archive.ar; path = libEasyLink.a; sourceTree = "<group>"; };
		0D2DA3731D051BDC005609D2 /* Others.bundle */ = {isa = PBXFileReference; lastKnownFileType = "wrapper.plug-in"; path = Others.bundle; sourceTree = "<group>"; };
		0D2DA3781D05236E005609D2 /* UIViewController+HUD.h */ = {isa = PBXFileReference; fileEncoding = 4; lastKnownFileType = sourcecode.c.h; path = "UIViewController+HUD.h"; sourceTree = "<group>"; };
		0D2DA3791D05236E005609D2 /* UIViewController+HUD.m */ = {isa = PBXFileReference; fileEncoding = 4; lastKnownFileType = sourcecode.c.objc; path = "UIViewController+HUD.m"; sourceTree = "<group>"; };
		0D2DA37D1D054B96005609D2 /* Constant.h */ = {isa = PBXFileReference; fileEncoding = 4; lastKnownFileType = sourcecode.c.h; path = Constant.h; sourceTree = "<group>"; };
		0D2DA3811D0550BE005609D2 /* PrefixHeader.pch */ = {isa = PBXFileReference; lastKnownFileType = sourcecode.c.h; path = PrefixHeader.pch; sourceTree = "<group>"; };
		0D2DA3851D055AA3005609D2 /* CoreFactory.h */ = {isa = PBXFileReference; fileEncoding = 4; lastKnownFileType = sourcecode.c.h; path = CoreFactory.h; sourceTree = "<group>"; };
		0D2DA3861D055AA3005609D2 /* CoreFactory.m */ = {isa = PBXFileReference; fileEncoding = 4; lastKnownFileType = sourcecode.c.objc; path = CoreFactory.m; sourceTree = "<group>"; };
		0D2DA3871D055AA3005609D2 /* CoreManager.h */ = {isa = PBXFileReference; fileEncoding = 4; lastKnownFileType = sourcecode.c.h; path = CoreManager.h; sourceTree = "<group>"; };
		0D2DA3881D055AA3005609D2 /* CoreManager.m */ = {isa = PBXFileReference; fileEncoding = 4; lastKnownFileType = sourcecode.c.objc; path = CoreManager.m; sourceTree = "<group>"; };
		0D2DA38B1D055AD8005609D2 /* CommonServiceCenter.h */ = {isa = PBXFileReference; fileEncoding = 4; lastKnownFileType = sourcecode.c.h; path = CommonServiceCenter.h; sourceTree = "<group>"; };
		0D2DA38C1D055AD8005609D2 /* CommonServiceCenter.m */ = {isa = PBXFileReference; fileEncoding = 4; lastKnownFileType = sourcecode.c.objc; path = CommonServiceCenter.m; sourceTree = "<group>"; };
		0D2DA38F1D055B45005609D2 /* CommonFileUtils.h */ = {isa = PBXFileReference; fileEncoding = 4; lastKnownFileType = sourcecode.c.h; path = CommonFileUtils.h; sourceTree = "<group>"; };
		0D2DA3901D055B45005609D2 /* CommonFileUtils.m */ = {isa = PBXFileReference; fileEncoding = 4; lastKnownFileType = sourcecode.c.objc; path = CommonFileUtils.m; sourceTree = "<group>"; };
		0D2DA3931D055C2D005609D2 /* LogDefine.h */ = {isa = PBXFileReference; fileEncoding = 4; lastKnownFileType = sourcecode.c.h; path = LogDefine.h; sourceTree = "<group>"; };
		0D2DA3941D055C2D005609D2 /* LogDefine.m */ = {isa = PBXFileReference; fileEncoding = 4; lastKnownFileType = sourcecode.c.objc; path = LogDefine.m; sourceTree = "<group>"; };
		0D2DA3951D055C2D005609D2 /* Logger.h */ = {isa = PBXFileReference; fileEncoding = 4; lastKnownFileType = sourcecode.c.h; path = Logger.h; sourceTree = "<group>"; };
		0D2DA3961D055C2D005609D2 /* Logger.m */ = {isa = PBXFileReference; fileEncoding = 4; lastKnownFileType = sourcecode.c.objc; path = Logger.m; sourceTree = "<group>"; };
		0D2DA3971D055C2D005609D2 /* LoggerUtil.h */ = {isa = PBXFileReference; fileEncoding = 4; lastKnownFileType = sourcecode.c.h; path = LoggerUtil.h; sourceTree = "<group>"; };
		0D2DA3981D055C2D005609D2 /* LoggerUtil.m */ = {isa = PBXFileReference; fileEncoding = 4; lastKnownFileType = sourcecode.c.objc; path = LoggerUtil.m; sourceTree = "<group>"; };
		0D2DA39D1D055C56005609D2 /* ZipUtil.h */ = {isa = PBXFileReference; fileEncoding = 4; lastKnownFileType = sourcecode.c.h; path = ZipUtil.h; sourceTree = "<group>"; };
		0D2DA39E1D055C56005609D2 /* ZipUtil.m */ = {isa = PBXFileReference; fileEncoding = 4; lastKnownFileType = sourcecode.c.objc; path = ZipUtil.m; sourceTree = "<group>"; };
		0D2DA3A01D057140005609D2 /* libz.tbd */ = {isa = PBXFileReference; lastKnownFileType = "sourcecode.text-based-dylib-definition"; name = libz.tbd; path = usr/lib/libz.tbd; sourceTree = SDKROOT; };
		0D58BDF51D0E4C6F0015D636 /* UserServiceProtocol.h */ = {isa = PBXFileReference; fileEncoding = 4; lastKnownFileType = sourcecode.c.h; name = UserServiceProtocol.h; path = WB/UserServiceProtocol.h; sourceTree = SOURCE_ROOT; };
		0D58BDF61D0E4CB80015D636 /* UserService.h */ = {isa = PBXFileReference; fileEncoding = 4; lastKnownFileType = sourcecode.c.h; name = UserService.h; path = WB/UserService.h; sourceTree = SOURCE_ROOT; };
		0D58BDF71D0E4CB80015D636 /* UserService.m */ = {isa = PBXFileReference; fileEncoding = 4; lastKnownFileType = sourcecode.c.objc; name = UserService.m; path = WB/UserService.m; sourceTree = SOURCE_ROOT; };
		0D58BDF91D0E4DA10015D636 /* DeviceServiceProtocol.h */ = {isa = PBXFileReference; fileEncoding = 4; lastKnownFileType = sourcecode.c.h; path = DeviceServiceProtocol.h; sourceTree = "<group>"; };
		0D58BDFA1D0E4DB40015D636 /* DeviceService.h */ = {isa = PBXFileReference; fileEncoding = 4; lastKnownFileType = sourcecode.c.h; path = DeviceService.h; sourceTree = "<group>"; };
		0D58BDFB1D0E4DB40015D636 /* DeviceService.m */ = {isa = PBXFileReference; fileEncoding = 4; lastKnownFileType = sourcecode.c.objc; path = DeviceService.m; sourceTree = "<group>"; };
		0D58BDFD1D0E4E050015D636 /* UserDeviceServiceProtocol.h */ = {isa = PBXFileReference; fileEncoding = 4; lastKnownFileType = sourcecode.c.h; path = UserDeviceServiceProtocol.h; sourceTree = "<group>"; };
		0D58BDFE1D0E4E410015D636 /* UserDeviceService.h */ = {isa = PBXFileReference; fileEncoding = 4; lastKnownFileType = sourcecode.c.h; path = UserDeviceService.h; sourceTree = "<group>"; };
		0D58BDFF1D0E4E410015D636 /* UserDeviceService.m */ = {isa = PBXFileReference; fileEncoding = 4; lastKnownFileType = sourcecode.c.objc; path = UserDeviceService.m; sourceTree = "<group>"; };
		0DF320ED1D17C3C800B9BB67 /* HHNUtility+app.m */ = {isa = PBXFileReference; fileEncoding = 4; lastKnownFileType = sourcecode.c.objc; path = "HHNUtility+app.m"; sourceTree = "<group>"; };
		0DF320EE1D17C3C800B9BB67 /* HHNUtility+Device.m */ = {isa = PBXFileReference; fileEncoding = 4; lastKnownFileType = sourcecode.c.objc; path = "HHNUtility+Device.m"; sourceTree = "<group>"; };
		0DF320EF1D17C3C800B9BB67 /* HHNUtility+Locale.m */ = {isa = PBXFileReference; fileEncoding = 4; lastKnownFileType = sourcecode.c.objc; path = "HHNUtility+Locale.m"; sourceTree = "<group>"; };
		0DF320F01D17C3C800B9BB67 /* HHNUtility.h */ = {isa = PBXFileReference; fileEncoding = 4; lastKnownFileType = sourcecode.c.h; path = HHNUtility.h; sourceTree = "<group>"; };
		0DF320F11D17C3C800B9BB67 /* HHNUtility.m */ = {isa = PBXFileReference; fileEncoding = 4; lastKnownFileType = sourcecode.c.objc; path = HHNUtility.m; sourceTree = "<group>"; };
		0DF320F61D17C41900B9BB67 /* NSString+extension.h */ = {isa = PBXFileReference; fileEncoding = 4; lastKnownFileType = sourcecode.c.h; path = "NSString+extension.h"; sourceTree = "<group>"; };
		0DF320F71D17C41900B9BB67 /* NSString+extension.m */ = {isa = PBXFileReference; fileEncoding = 4; lastKnownFileType = sourcecode.c.objc; path = "NSString+extension.m"; sourceTree = "<group>"; };
		0DF320FA1D17C5A600B9BB67 /* YTKUrlArgumentsFilter.h */ = {isa = PBXFileReference; fileEncoding = 4; lastKnownFileType = sourcecode.c.h; path = YTKUrlArgumentsFilter.h; sourceTree = "<group>"; };
		0DF320FB1D17C5A600B9BB67 /* YTKUrlArgumentsFilter.m */ = {isa = PBXFileReference; fileEncoding = 4; lastKnownFileType = sourcecode.c.objc; path = YTKUrlArgumentsFilter.m; sourceTree = "<group>"; };
		71BCFD2D5CE3D5F91D86B499 /* Pods.debug.xcconfig */ = {isa = PBXFileReference; includeInIndex = 1; lastKnownFileType = text.xcconfig; name = Pods.debug.xcconfig; path = "Pods/Target Support Files/Pods/Pods.debug.xcconfig"; sourceTree = "<group>"; };
		8AA0C155551DF71DFA442400 /* libPods.a */ = {isa = PBXFileReference; explicitFileType = archive.ar; includeInIndex = 0; path = libPods.a; sourceTree = BUILT_PRODUCTS_DIR; };
		C403D67C21C0A4647D55D2D3 /* Pods.release.xcconfig */ = {isa = PBXFileReference; includeInIndex = 1; lastKnownFileType = text.xcconfig; name = Pods.release.xcconfig; path = "Pods/Target Support Files/Pods/Pods.release.xcconfig"; sourceTree = "<group>"; };
/* End PBXFileReference section */

/* Begin PBXFrameworksBuildPhase section */
		0D2DA3531D051497005609D2 /* Frameworks */ = {
			isa = PBXFrameworksBuildPhase;
			buildActionMask = 2147483647;
			files = (
				0D2DA3A11D057140005609D2 /* libz.tbd in Frameworks */,
				0D2DA3741D051BDC005609D2 /* FogCloud.framework in Frameworks */,
				0D2DA3751D051BDC005609D2 /* libEasyLink.a in Frameworks */,
				15A5A6E55F86D40DD7B00B98 /* libPods.a in Frameworks */,
			);
			runOnlyForDeploymentPostprocessing = 0;
		};
/* End PBXFrameworksBuildPhase section */

/* Begin PBXGroup section */
		0D2DA34D1D051497005609D2 = {
			isa = PBXGroup;
			children = (
				0D2DA3701D051BDC005609D2 /* FogCloud */,
				0D2DA3581D051497005609D2 /* WB */,
				0D2DA3571D051497005609D2 /* Products */,
				8EA6A5B8A888B33FBB7D785B /* Pods */,
				90842C95F065CB038CAC5661 /* Frameworks */,
			);
			sourceTree = "<group>";
		};
		0D2DA3571D051497005609D2 /* Products */ = {
			isa = PBXGroup;
			children = (
				0D2DA3561D051497005609D2 /* WB.app */,
			);
			name = Products;
			sourceTree = "<group>";
		};
		0D2DA3581D051497005609D2 /* WB */ = {
			isa = PBXGroup;
			children = (
				0DF320FE1D17C9EB00B9BB67 /* Login */,
				0DF320EB1D17C3BF00B9BB67 /* Assistat */,
				0D2DA3841D055A8A005609D2 /* NetWork */,
				0D2DA37B1D054B6E005609D2 /* Assistant */,
				0D2DA3771D052364005609D2 /* category */,
				0D2DA35C1D051497005609D2 /* AppDelegate.h */,
				0D2DA35D1D051497005609D2 /* AppDelegate.mm */,
				0D2DA35F1D051497005609D2 /* ViewController.h */,
				0D2DA3601D051497005609D2 /* ViewController.m */,
				0D2DA3621D051497005609D2 /* Main.storyboard */,
				0D2DA3651D051498005609D2 /* Assets.xcassets */,
				0D2DA3671D051498005609D2 /* LaunchScreen.storyboard */,
				0D2DA36A1D051498005609D2 /* Info.plist */,
				0D2DA3591D051497005609D2 /* Supporting Files */,
			);
			path = WB;
			sourceTree = "<group>";
		};
		0D2DA3591D051497005609D2 /* Supporting Files */ = {
			isa = PBXGroup;
			children = (
				0D2DA35A1D051497005609D2 /* main.m */,
				0D2DA3811D0550BE005609D2 /* PrefixHeader.pch */,
			);
			name = "Supporting Files";
			sourceTree = "<group>";
		};
		0D2DA3701D051BDC005609D2 /* FogCloud */ = {
			isa = PBXGroup;
			children = (
				0D2DA3711D051BDC005609D2 /* FogCloud.framework */,
				0D2DA3721D051BDC005609D2 /* libEasyLink.a */,
				0D2DA3731D051BDC005609D2 /* Others.bundle */,
			);
			path = FogCloud;
			sourceTree = "<group>";
		};
		0D2DA3771D052364005609D2 /* category */ = {
			isa = PBXGroup;
			children = (
				0DF320F61D17C41900B9BB67 /* NSString+extension.h */,
				0DF320F71D17C41900B9BB67 /* NSString+extension.m */,
				0D2DA3781D05236E005609D2 /* UIViewController+HUD.h */,
				0D2DA3791D05236E005609D2 /* UIViewController+HUD.m */,
			);
			path = category;
			sourceTree = "<group>";
		};
		0D2DA37B1D054B6E005609D2 /* Assistant */ = {
			isa = PBXGroup;
			children = (
				0DF320F91D17C5A600B9BB67 /* YTK */,
				0D2DA39C1D055C56005609D2 /* Zip */,
				0D2DA3921D055C2D005609D2 /* Logger */,
				0D2DA38E1D055B45005609D2 /* File */,
				0D2DA37D1D054B96005609D2 /* Constant.h */,
			);
			path = Assistant;
			sourceTree = "<group>";
		};
		0D2DA3841D055A8A005609D2 /* NetWork */ = {
			isa = PBXGroup;
			children = (
				0D2DA3A91D06A3EF005609D2 /* User-Device-Service */,
				0D2DA3A81D06A3B5005609D2 /* DeviceService */,
				0D2DA3A71D066021005609D2 /* UserService */,
				0D2DA38B1D055AD8005609D2 /* CommonServiceCenter.h */,
				0D2DA38C1D055AD8005609D2 /* CommonServiceCenter.m */,
				0D2DA3851D055AA3005609D2 /* CoreFactory.h */,
				0D2DA3861D055AA3005609D2 /* CoreFactory.m */,
				0D2DA3871D055AA3005609D2 /* CoreManager.h */,
				0D2DA3881D055AA3005609D2 /* CoreManager.m */,
			);
			path = NetWork;
			sourceTree = "<group>";
		};
		0D2DA38E1D055B45005609D2 /* File */ = {
			isa = PBXGroup;
			children = (
				0D2DA38F1D055B45005609D2 /* CommonFileUtils.h */,
				0D2DA3901D055B45005609D2 /* CommonFileUtils.m */,
			);
			path = File;
			sourceTree = "<group>";
		};
		0D2DA3921D055C2D005609D2 /* Logger */ = {
			isa = PBXGroup;
			children = (
				0D2DA3931D055C2D005609D2 /* LogDefine.h */,
				0D2DA3941D055C2D005609D2 /* LogDefine.m */,
				0D2DA3951D055C2D005609D2 /* Logger.h */,
				0D2DA3961D055C2D005609D2 /* Logger.m */,
				0D2DA3971D055C2D005609D2 /* LoggerUtil.h */,
				0D2DA3981D055C2D005609D2 /* LoggerUtil.m */,
			);
			path = Logger;
			sourceTree = "<group>";
		};
		0D2DA39C1D055C56005609D2 /* Zip */ = {
			isa = PBXGroup;
			children = (
				0D2DA39D1D055C56005609D2 /* ZipUtil.h */,
				0D2DA39E1D055C56005609D2 /* ZipUtil.m */,
			);
			path = Zip;
			sourceTree = "<group>";
		};
		0D2DA3A71D066021005609D2 /* UserService */ = {
			isa = PBXGroup;
			children = (
				0D58BDF51D0E4C6F0015D636 /* UserServiceProtocol.h */,
				0D58BDF61D0E4CB80015D636 /* UserService.h */,
				0D58BDF71D0E4CB80015D636 /* UserService.m */,
			);
			name = UserService;
			path = LoginService;
			sourceTree = "<group>";
		};
		0D2DA3A81D06A3B5005609D2 /* DeviceService */ = {
			isa = PBXGroup;
			children = (
				0D58BDF91D0E4DA10015D636 /* DeviceServiceProtocol.h */,
				0D58BDFA1D0E4DB40015D636 /* DeviceService.h */,
				0D58BDFB1D0E4DB40015D636 /* DeviceService.m */,
			);
			path = DeviceService;
			sourceTree = "<group>";
		};
		0D2DA3A91D06A3EF005609D2 /* User-Device-Service */ = {
			isa = PBXGroup;
			children = (
				0D58BDFD1D0E4E050015D636 /* UserDeviceServiceProtocol.h */,
				0D58BDFE1D0E4E410015D636 /* UserDeviceService.h */,
				0D58BDFF1D0E4E410015D636 /* UserDeviceService.m */,
			);
			path = "User-Device-Service";
			sourceTree = "<group>";
		};
		0DF320EB1D17C3BF00B9BB67 /* Assistat */ = {
			isa = PBXGroup;
			children = (
				0DF320EC1D17C3C800B9BB67 /* Utility */,
			);
			path = Assistat;
			sourceTree = "<group>";
		};
		0DF320EC1D17C3C800B9BB67 /* Utility */ = {
			isa = PBXGroup;
			children = (
				0DF320ED1D17C3C800B9BB67 /* HHNUtility+app.m */,
				0DF320EE1D17C3C800B9BB67 /* HHNUtility+Device.m */,
				0DF320EF1D17C3C800B9BB67 /* HHNUtility+Locale.m */,
				0DF320F01D17C3C800B9BB67 /* HHNUtility.h */,
				0DF320F11D17C3C800B9BB67 /* HHNUtility.m */,
			);
			path = Utility;
			sourceTree = "<group>";
		};
		0DF320F91D17C5A600B9BB67 /* YTK */ = {
			isa = PBXGroup;
			children = (
				0DF320FA1D17C5A600B9BB67 /* YTKUrlArgumentsFilter.h */,
				0DF320FB1D17C5A600B9BB67 /* YTKUrlArgumentsFilter.m */,
			);
			path = YTK;
			sourceTree = "<group>";
		};
		0DF320FE1D17C9EB00B9BB67 /* Login */ = {
			isa = PBXGroup;
			children = (
			);
			path = Login;
			sourceTree = "<group>";
		};
		8EA6A5B8A888B33FBB7D785B /* Pods */ = {
			isa = PBXGroup;
			children = (
				71BCFD2D5CE3D5F91D86B499 /* Pods.debug.xcconfig */,
				C403D67C21C0A4647D55D2D3 /* Pods.release.xcconfig */,
			);
			name = Pods;
			sourceTree = "<group>";
		};
		90842C95F065CB038CAC5661 /* Frameworks */ = {
			isa = PBXGroup;
			children = (
				0D2DA3A01D057140005609D2 /* libz.tbd */,
				8AA0C155551DF71DFA442400 /* libPods.a */,
			);
			name = Frameworks;
			sourceTree = "<group>";
		};
/* End PBXGroup section */

/* Begin PBXNativeTarget section */
		0D2DA3551D051497005609D2 /* WB */ = {
			isa = PBXNativeTarget;
			buildConfigurationList = 0D2DA36D1D051498005609D2 /* Build configuration list for PBXNativeTarget "WB" */;
			buildPhases = (
				D00FC32D5A8A02F37E08F2A7 /* Check Pods Manifest.lock */,
				0D2DA3521D051497005609D2 /* Sources */,
				0D2DA3531D051497005609D2 /* Frameworks */,
				0D2DA3541D051497005609D2 /* Resources */,
				BFB93B46B1C40057BFFE1933 /* Embed Pods Frameworks */,
				FB4CF5FC8B22061A7A721462 /* Copy Pods Resources */,
			);
			buildRules = (
			);
			dependencies = (
			);
			name = WB;
			productName = WB;
			productReference = 0D2DA3561D051497005609D2 /* WB.app */;
			productType = "com.apple.product-type.application";
		};
/* End PBXNativeTarget section */

/* Begin PBXProject section */
		0D2DA34E1D051497005609D2 /* Project object */ = {
			isa = PBXProject;
			attributes = {
				LastUpgradeCheck = 0730;
				ORGANIZATIONNAME = Haidi;
				TargetAttributes = {
					0D2DA3551D051497005609D2 = {
						CreatedOnToolsVersion = 7.3;
					};
				};
			};
			buildConfigurationList = 0D2DA3511D051497005609D2 /* Build configuration list for PBXProject "WB" */;
			compatibilityVersion = "Xcode 3.2";
			developmentRegion = English;
			hasScannedForEncodings = 0;
			knownRegions = (
				en,
				Base,
			);
			mainGroup = 0D2DA34D1D051497005609D2;
			productRefGroup = 0D2DA3571D051497005609D2 /* Products */;
			projectDirPath = "";
			projectRoot = "";
			targets = (
				0D2DA3551D051497005609D2 /* WB */,
			);
		};
/* End PBXProject section */

/* Begin PBXResourcesBuildPhase section */
		0D2DA3541D051497005609D2 /* Resources */ = {
			isa = PBXResourcesBuildPhase;
			buildActionMask = 2147483647;
			files = (
				0D2DA3691D051498005609D2 /* LaunchScreen.storyboard in Resources */,
				0D2DA3661D051498005609D2 /* Assets.xcassets in Resources */,
				0D2DA3761D051BDC005609D2 /* Others.bundle in Resources */,
				0D2DA3641D051497005609D2 /* Main.storyboard in Resources */,
			);
			runOnlyForDeploymentPostprocessing = 0;
		};
/* End PBXResourcesBuildPhase section */

/* Begin PBXShellScriptBuildPhase section */
		BFB93B46B1C40057BFFE1933 /* Embed Pods Frameworks */ = {
			isa = PBXShellScriptBuildPhase;
			buildActionMask = 2147483647;
			files = (
			);
			inputPaths = (
			);
			name = "Embed Pods Frameworks";
			outputPaths = (
			);
			runOnlyForDeploymentPostprocessing = 0;
			shellPath = /bin/sh;
			shellScript = "\"${SRCROOT}/Pods/Target Support Files/Pods/Pods-frameworks.sh\"\n";
			showEnvVarsInLog = 0;
		};
		D00FC32D5A8A02F37E08F2A7 /* Check Pods Manifest.lock */ = {
			isa = PBXShellScriptBuildPhase;
			buildActionMask = 2147483647;
			files = (
			);
			inputPaths = (
			);
			name = "Check Pods Manifest.lock";
			outputPaths = (
			);
			runOnlyForDeploymentPostprocessing = 0;
			shellPath = /bin/sh;
			shellScript = "diff \"${PODS_ROOT}/../Podfile.lock\" \"${PODS_ROOT}/Manifest.lock\" > /dev/null\nif [[ $? != 0 ]] ; then\n    cat << EOM\nerror: The sandbox is not in sync with the Podfile.lock. Run 'pod install' or update your CocoaPods installation.\nEOM\n    exit 1\nfi\n";
			showEnvVarsInLog = 0;
		};
		FB4CF5FC8B22061A7A721462 /* Copy Pods Resources */ = {
			isa = PBXShellScriptBuildPhase;
			buildActionMask = 2147483647;
			files = (
			);
			inputPaths = (
			);
			name = "Copy Pods Resources";
			outputPaths = (
			);
			runOnlyForDeploymentPostprocessing = 0;
			shellPath = /bin/sh;
			shellScript = "\"${SRCROOT}/Pods/Target Support Files/Pods/Pods-resources.sh\"\n";
			showEnvVarsInLog = 0;
		};
/* End PBXShellScriptBuildPhase section */

/* Begin PBXSourcesBuildPhase section */
		0D2DA3521D051497005609D2 /* Sources */ = {
			isa = PBXSourcesBuildPhase;
			buildActionMask = 2147483647;
			files = (
				0D2DA38A1D055AA3005609D2 /* CoreManager.m in Sources */,
				0DF320F41D17C3C800B9BB67 /* HHNUtility+Locale.m in Sources */,
				0D58BE001D0E4E410015D636 /* UserDeviceService.m in Sources */,
				0D2DA3891D055AA3005609D2 /* CoreFactory.m in Sources */,
				0D2DA3611D051497005609D2 /* ViewController.m in Sources */,
				0DF320F51D17C3C800B9BB67 /* HHNUtility.m in Sources */,
				0D2DA39B1D055C2D005609D2 /* LoggerUtil.m in Sources */,
				0DF320F31D17C3C800B9BB67 /* HHNUtility+Device.m in Sources */,
				0D2DA38D1D055AD8005609D2 /* CommonServiceCenter.m in Sources */,
				0D2DA39F1D055C56005609D2 /* ZipUtil.m in Sources */,
				0D58BDF81D0E4CB80015D636 /* UserService.m in Sources */,
				0D2DA35E1D051497005609D2 /* AppDelegate.mm in Sources */,
				0DF320FC1D17C5A600B9BB67 /* YTKUrlArgumentsFilter.m in Sources */,
				0DF320F21D17C3C800B9BB67 /* HHNUtility+app.m in Sources */,
				0D2DA3991D055C2D005609D2 /* LogDefine.m in Sources */,
				0D2DA37A1D05236E005609D2 /* UIViewController+HUD.m in Sources */,
				0DF320F81D17C41900B9BB67 /* NSString+extension.m in Sources */,
				0D2DA3911D055B45005609D2 /* CommonFileUtils.m in Sources */,
				0D2DA35B1D051497005609D2 /* main.m in Sources */,
				0D2DA39A1D055C2D005609D2 /* Logger.m in Sources */,
				0D58BDFC1D0E4DB40015D636 /* DeviceService.m in Sources */,
			);
			runOnlyForDeploymentPostprocessing = 0;
		};
/* End PBXSourcesBuildPhase section */

/* Begin PBXVariantGroup section */
		0D2DA3621D051497005609D2 /* Main.storyboard */ = {
			isa = PBXVariantGroup;
			children = (
				0D2DA3631D051497005609D2 /* Base */,
			);
			name = Main.storyboard;
			sourceTree = "<group>";
		};
		0D2DA3671D051498005609D2 /* LaunchScreen.storyboard */ = {
			isa = PBXVariantGroup;
			children = (
				0D2DA3681D051498005609D2 /* Base */,
			);
			name = LaunchScreen.storyboard;
			sourceTree = "<group>";
		};
/* End PBXVariantGroup section */

/* Begin XCBuildConfiguration section */
		0D2DA36B1D051498005609D2 /* Debug */ = {
			isa = XCBuildConfiguration;
			buildSettings = {
				ALWAYS_SEARCH_USER_PATHS = NO;
				CLANG_ANALYZER_NONNULL = YES;
				CLANG_CXX_LANGUAGE_STANDARD = "gnu++0x";
				CLANG_CXX_LIBRARY = "libc++";
				CLANG_ENABLE_MODULES = YES;
				CLANG_ENABLE_OBJC_ARC = YES;
				CLANG_WARN_BOOL_CONVERSION = YES;
				CLANG_WARN_CONSTANT_CONVERSION = YES;
				CLANG_WARN_DIRECT_OBJC_ISA_USAGE = YES_ERROR;
				CLANG_WARN_EMPTY_BODY = YES;
				CLANG_WARN_ENUM_CONVERSION = YES;
				CLANG_WARN_INT_CONVERSION = YES;
				CLANG_WARN_OBJC_ROOT_CLASS = YES_ERROR;
				CLANG_WARN_UNREACHABLE_CODE = YES;
				CLANG_WARN__DUPLICATE_METHOD_MATCH = YES;
				"CODE_SIGN_IDENTITY[sdk=iphoneos*]" = "iPhone Developer";
				COPY_PHASE_STRIP = NO;
				DEBUG_INFORMATION_FORMAT = dwarf;
				ENABLE_STRICT_OBJC_MSGSEND = YES;
				ENABLE_TESTABILITY = YES;
				GCC_C_LANGUAGE_STANDARD = gnu99;
				GCC_DYNAMIC_NO_PIC = NO;
				GCC_NO_COMMON_BLOCKS = YES;
				GCC_OPTIMIZATION_LEVEL = 0;
				GCC_PREPROCESSOR_DEFINITIONS = (
					"DEBUG=1",
					"$(inherited)",
				);
				GCC_WARN_64_TO_32_BIT_CONVERSION = YES;
				GCC_WARN_ABOUT_RETURN_TYPE = YES_ERROR;
				GCC_WARN_UNDECLARED_SELECTOR = YES;
				GCC_WARN_UNINITIALIZED_AUTOS = YES_AGGRESSIVE;
				GCC_WARN_UNUSED_FUNCTION = YES;
				GCC_WARN_UNUSED_VARIABLE = YES;
				IPHONEOS_DEPLOYMENT_TARGET = 8.0;
				MTL_ENABLE_DEBUG_INFO = YES;
				ONLY_ACTIVE_ARCH = YES;
				OTHER_LDFLAGS = "-ObjC";
				SDKROOT = iphoneos;
				TARGETED_DEVICE_FAMILY = "1,2";
			};
			name = Debug;
		};
		0D2DA36C1D051498005609D2 /* Release */ = {
			isa = XCBuildConfiguration;
			buildSettings = {
				ALWAYS_SEARCH_USER_PATHS = NO;
				CLANG_ANALYZER_NONNULL = YES;
				CLANG_CXX_LANGUAGE_STANDARD = "gnu++0x";
				CLANG_CXX_LIBRARY = "libc++";
				CLANG_ENABLE_MODULES = YES;
				CLANG_ENABLE_OBJC_ARC = YES;
				CLANG_WARN_BOOL_CONVERSION = YES;
				CLANG_WARN_CONSTANT_CONVERSION = YES;
				CLANG_WARN_DIRECT_OBJC_ISA_USAGE = YES_ERROR;
				CLANG_WARN_EMPTY_BODY = YES;
				CLANG_WARN_ENUM_CONVERSION = YES;
				CLANG_WARN_INT_CONVERSION = YES;
				CLANG_WARN_OBJC_ROOT_CLASS = YES_ERROR;
				CLANG_WARN_UNREACHABLE_CODE = YES;
				CLANG_WARN__DUPLICATE_METHOD_MATCH = YES;
				"CODE_SIGN_IDENTITY[sdk=iphoneos*]" = "iPhone Developer";
				COPY_PHASE_STRIP = NO;
				DEBUG_INFORMATION_FORMAT = "dwarf-with-dsym";
				ENABLE_NS_ASSERTIONS = NO;
				ENABLE_STRICT_OBJC_MSGSEND = YES;
				GCC_C_LANGUAGE_STANDARD = gnu99;
				GCC_NO_COMMON_BLOCKS = YES;
				GCC_WARN_64_TO_32_BIT_CONVERSION = YES;
				GCC_WARN_ABOUT_RETURN_TYPE = YES_ERROR;
				GCC_WARN_UNDECLARED_SELECTOR = YES;
				GCC_WARN_UNINITIALIZED_AUTOS = YES_AGGRESSIVE;
				GCC_WARN_UNUSED_FUNCTION = YES;
				GCC_WARN_UNUSED_VARIABLE = YES;
				IPHONEOS_DEPLOYMENT_TARGET = 8.0;
				MTL_ENABLE_DEBUG_INFO = NO;
				OTHER_LDFLAGS = "-ObjC";
				SDKROOT = iphoneos;
				TARGETED_DEVICE_FAMILY = "1,2";
				VALIDATE_PRODUCT = YES;
			};
			name = Release;
		};
		0D2DA36E1D051498005609D2 /* Debug */ = {
			isa = XCBuildConfiguration;
			baseConfigurationReference = 71BCFD2D5CE3D5F91D86B499 /* Pods.debug.xcconfig */;
			buildSettings = {
				ASSETCATALOG_COMPILER_APPICON_NAME = AppIcon;
				FRAMEWORK_SEARCH_PATHS = (
					"$(inherited)",
					"$(PROJECT_DIR)/FogCloud",
				);
				GCC_INCREASE_PRECOMPILED_HEADER_SHARING = NO;
				GCC_PRECOMPILE_PREFIX_HEADER = YES;
				GCC_PREFIX_HEADER = /Users/yuhaihua/Desktop/WB/WB/PrefixHeader.pch;
				INFOPLIST_FILE = WB/Info.plist;
				IPHONEOS_DEPLOYMENT_TARGET = 8.0;
				LD_RUNPATH_SEARCH_PATHS = "$(inherited) @executable_path/Frameworks";
				LIBRARY_SEARCH_PATHS = (
					"$(inherited)",
					"$(PROJECT_DIR)/FogCloud",
				);
				ONLY_ACTIVE_ARCH = NO;
				PRODUCT_BUNDLE_IDENTIFIER = HYN.WB;
				PRODUCT_NAME = "$(TARGET_NAME)";
			};
			name = Debug;
		};
		0D2DA36F1D051498005609D2 /* Release */ = {
			isa = XCBuildConfiguration;
			baseConfigurationReference = C403D67C21C0A4647D55D2D3 /* Pods.release.xcconfig */;
			buildSettings = {
				ASSETCATALOG_COMPILER_APPICON_NAME = AppIcon;
				FRAMEWORK_SEARCH_PATHS = (
					"$(inherited)",
					"$(PROJECT_DIR)/FogCloud",
				);
				GCC_INCREASE_PRECOMPILED_HEADER_SHARING = NO;
				GCC_PRECOMPILE_PREFIX_HEADER = YES;
				GCC_PREFIX_HEADER = /Users/yuhaihua/Desktop/WB/WB/PrefixHeader.pch;
				INFOPLIST_FILE = WB/Info.plist;
				IPHONEOS_DEPLOYMENT_TARGET = 8.0;
				LD_RUNPATH_SEARCH_PATHS = "$(inherited) @executable_path/Frameworks";
				LIBRARY_SEARCH_PATHS = (
					"$(inherited)",
					"$(PROJECT_DIR)/FogCloud",
				);
				ONLY_ACTIVE_ARCH = NO;
				PRODUCT_BUNDLE_IDENTIFIER = HYN.WB;
				PRODUCT_NAME = "$(TARGET_NAME)";
			};
			name = Release;
		};
/* End XCBuildConfiguration section */

/* Begin XCConfigurationList section */
		0D2DA3511D051497005609D2 /* Build configuration list for PBXProject "WB" */ = {
			isa = XCConfigurationList;
			buildConfigurations = (
				0D2DA36B1D051498005609D2 /* Debug */,
				0D2DA36C1D051498005609D2 /* Release */,
			);
			defaultConfigurationIsVisible = 0;
			defaultConfigurationName = Release;
		};
		0D2DA36D1D051498005609D2 /* Build configuration list for PBXNativeTarget "WB" */ = {
			isa = XCConfigurationList;
			buildConfigurations = (
				0D2DA36E1D051498005609D2 /* Debug */,
				0D2DA36F1D051498005609D2 /* Release */,
			);
			defaultConfigurationIsVisible = 0;
			defaultConfigurationName = Release;
		};
/* End XCConfigurationList section */
	};
	rootObject = 0D2DA34E1D051497005609D2 /* Project object */;
}
