// !$*UTF8*$!
{
	archiveVersion = 1;
	classes = {
	};
	objectVersion = 46;
	objects = {

/* Begin PBXBuildFile section */
		0D1100031D18C8AD004CF6D2 /* BaseViewController.m in Sources */ = {isa = PBXBuildFile; fileRef = 0D1100021D18C8AD004CF6D2 /* BaseViewController.m */; };
		0D1100071D18C8E9004CF6D2 /* LoginViewController.m in Sources */ = {isa = PBXBuildFile; fileRef = 0D1100051D18C8E9004CF6D2 /* LoginViewController.m */; };
		0D1100081D18C8E9004CF6D2 /* LoginViewController.xib in Resources */ = {isa = PBXBuildFile; fileRef = 0D1100061D18C8E9004CF6D2 /* LoginViewController.xib */; };
		0D2DA35B1D051497005609D2 /* main.m in Sources */ = {isa = PBXBuildFile; fileRef = 0D2DA35A1D051497005609D2 /* main.m */; };
		0D2DA35E1D051497005609D2 /* AppDelegate.mm in Sources */ = {isa = PBXBuildFile; fileRef = 0D2DA35D1D051497005609D2 /* AppDelegate.mm */; };
		0D2DA3611D051497005609D2 /* ViewController.m in Sources */ = {isa = PBXBuildFile; fileRef = 0D2DA3601D051497005609D2 /* ViewController.m */; };
		0D2DA3641D051497005609D2 /* Main.storyboard in Resources */ = {isa = PBXBuildFile; fileRef = 0D2DA3621D051497005609D2 /* Main.storyboard */; };
		0D2DA3661D051498005609D2 /* Assets.xcassets in Resources */ = {isa = PBXBuildFile; fileRef = 0D2DA3651D051498005609D2 /* Assets.xcassets */; };
		0D2DA3691D051498005609D2 /* LaunchScreen.storyboard in Resources */ = {isa = PBXBuildFile; fileRef = 0D2DA3671D051498005609D2 /* LaunchScreen.storyboard */; };
		0D2DA3741D051BDC005609D2 /* FogCloud.framework in Frameworks */ = {isa = PBXBuildFile; fileRef = 0D2DA3711D051BDC005609D2 /* FogCloud.framework */; };
		0D2DA3751D051BDC005609D2 /* libEasyLink.a in Frameworks */ = {isa = PBXBuildFile; fileRef = 0D2DA3721D051BDC005609D2 /* libEasyLink.a */; };
		0D2DA3761D051BDC005609D2 /* Others.bundle in Resources */ = {isa = PBXBuildFile; fileRef = 0D2DA3731D051BDC005609D2 /* Others.bundle */; };
		0D2DA37A1D05236E005609D2 /* UIViewController+HUD.m in Sources */ = {isa = PBXBuildFile; fileRef = 0D2DA3791D05236E005609D2 /* UIViewController+HUD.m */; };
		0D2DA3891D055AA3005609D2 /* CoreFactory.m in Sources */ = {isa = PBXBuildFile; fileRef = 0D2DA3861D055AA3005609D2 /* CoreFactory.m */; };
		0D2DA38A1D055AA3005609D2 /* CoreManager.m in Sources */ = {isa = PBXBuildFile; fileRef = 0D2DA3881D055AA3005609D2 /* CoreManager.m */; };
		0D2DA38D1D055AD8005609D2 /* CommonServiceCenter.m in Sources */ = {isa = PBXBuildFile; fileRef = 0D2DA38C1D055AD8005609D2 /* CommonServiceCenter.m */; };
		0D2DA3911D055B45005609D2 /* CommonFileUtils.m in Sources */ = {isa = PBXBuildFile; fileRef = 0D2DA3901D055B45005609D2 /* CommonFileUtils.m */; };
		0D2DA3991D055C2D005609D2 /* LogDefine.m in Sources */ = {isa = PBXBuildFile; fileRef = 0D2DA3941D055C2D005609D2 /* LogDefine.m */; };
		0D2DA39A1D055C2D005609D2 /* Logger.m in Sources */ = {isa = PBXBuildFile; fileRef = 0D2DA3961D055C2D005609D2 /* Logger.m */; };
		0D2DA39B1D055C2D005609D2 /* LoggerUtil.m in Sources */ = {isa = PBXBuildFile; fileRef = 0D2DA3981D055C2D005609D2 /* LoggerUtil.m */; };
		0D2DA39F1D055C56005609D2 /* ZipUtil.m in Sources */ = {isa = PBXBuildFile; fileRef = 0D2DA39E1D055C56005609D2 /* ZipUtil.m */; };
		0D2DA3A11D057140005609D2 /* libz.tbd in Frameworks */ = {isa = PBXBuildFile; fileRef = 0D2DA3A01D057140005609D2 /* libz.tbd */; };
		0D58BDF81D0E4CB80015D636 /* UserService.m in Sources */ = {isa = PBXBuildFile; fileRef = 0D58BDF71D0E4CB80015D636 /* UserService.m */; };
		0D58BDFC1D0E4DB40015D636 /* DeviceService.m in Sources */ = {isa = PBXBuildFile; fileRef = 0D58BDFB1D0E4DB40015D636 /* DeviceService.m */; };
		0D58BE001D0E4E410015D636 /* UserDeviceService.m in Sources */ = {isa = PBXBuildFile; fileRef = 0D58BDFF1D0E4E410015D636 /* UserDeviceService.m */; };
		0D7112241D29FCE800FE3A4E /* SettingItemTableViewCell.m in Sources */ = {isa = PBXBuildFile; fileRef = 0D7112221D29FCE800FE3A4E /* SettingItemTableViewCell.m */; };
		0D7112251D29FCE800FE3A4E /* SettingItemTableViewCell.xib in Resources */ = {isa = PBXBuildFile; fileRef = 0D7112231D29FCE800FE3A4E /* SettingItemTableViewCell.xib */; };
		0D7112291D2A068300FE3A4E /* YaokongViewController.m in Sources */ = {isa = PBXBuildFile; fileRef = 0D7112271D2A068300FE3A4E /* YaokongViewController.m */; };
		0D71122A1D2A068300FE3A4E /* YaokongViewController.xib in Resources */ = {isa = PBXBuildFile; fileRef = 0D7112281D2A068300FE3A4E /* YaokongViewController.xib */; };
		0D71122E1D2A0B9F00FE3A4E /* WifiViewController.m in Sources */ = {isa = PBXBuildFile; fileRef = 0D71122C1D2A0B9F00FE3A4E /* WifiViewController.m */; };
		0D71122F1D2A0B9F00FE3A4E /* WifiViewController.xib in Resources */ = {isa = PBXBuildFile; fileRef = 0D71122D1D2A0B9F00FE3A4E /* WifiViewController.xib */; };
		0D7112331D2A0E7000FE3A4E /* LoadingViewController.m in Sources */ = {isa = PBXBuildFile; fileRef = 0D7112311D2A0E7000FE3A4E /* LoadingViewController.m */; };
		0D7112341D2A0E7000FE3A4E /* LoadingViewController.xib in Resources */ = {isa = PBXBuildFile; fileRef = 0D7112321D2A0E7000FE3A4E /* LoadingViewController.xib */; };
		0D7112381D2A3FD800FE3A4E /* ItemTableViewCell.m in Sources */ = {isa = PBXBuildFile; fileRef = 0D7112361D2A3FD800FE3A4E /* ItemTableViewCell.m */; };
		0D7112391D2A3FD800FE3A4E /* ItemTableViewCell.xib in Resources */ = {isa = PBXBuildFile; fileRef = 0D7112371D2A3FD800FE3A4E /* ItemTableViewCell.xib */; };
		0D71123D1D2A4CE600FE3A4E /* ItemEditViewController.m in Sources */ = {isa = PBXBuildFile; fileRef = 0D71123B1D2A4CE600FE3A4E /* ItemEditViewController.m */; };
		0D71123E1D2A4CE600FE3A4E /* ItemEditViewController.xib in Resources */ = {isa = PBXBuildFile; fileRef = 0D71123C1D2A4CE600FE3A4E /* ItemEditViewController.xib */; };
		0D7112491D2A5AD700FE3A4E /* ProductsCollectionViewCell.m in Sources */ = {isa = PBXBuildFile; fileRef = 0D7112471D2A5AD700FE3A4E /* ProductsCollectionViewCell.m */; };
		0D71124A1D2A5AD700FE3A4E /* ProductsCollectionViewCell.xib in Resources */ = {isa = PBXBuildFile; fileRef = 0D7112481D2A5AD700FE3A4E /* ProductsCollectionViewCell.xib */; };
		0D71124E1D2A5B9400FE3A4E /* ItemAddViewController.m in Sources */ = {isa = PBXBuildFile; fileRef = 0D71124C1D2A5B9400FE3A4E /* ItemAddViewController.m */; };
		0D71124F1D2A5B9400FE3A4E /* ItemAddViewController.xib in Resources */ = {isa = PBXBuildFile; fileRef = 0D71124D1D2A5B9400FE3A4E /* ItemAddViewController.xib */; };
		0D7112531D2A5BAD00FE3A4E /* ItemAddTableViewCell.m in Sources */ = {isa = PBXBuildFile; fileRef = 0D7112511D2A5BAD00FE3A4E /* ItemAddTableViewCell.m */; };
		0D7112541D2A5BAD00FE3A4E /* ItemAddTableViewCell.xib in Resources */ = {isa = PBXBuildFile; fileRef = 0D7112521D2A5BAD00FE3A4E /* ItemAddTableViewCell.xib */; };
		0D7112581D2A5BF600FE3A4E /* IndexCollectionView.m in Sources */ = {isa = PBXBuildFile; fileRef = 0D7112571D2A5BF600FE3A4E /* IndexCollectionView.m */; };
		0D71125C1D2B472800FE3A4E /* DefaultCollectionViewCell.m in Sources */ = {isa = PBXBuildFile; fileRef = 0D71125A1D2B472800FE3A4E /* DefaultCollectionViewCell.m */; };
		0D71125D1D2B472800FE3A4E /* DefaultCollectionViewCell.xib in Resources */ = {isa = PBXBuildFile; fileRef = 0D71125B1D2B472800FE3A4E /* DefaultCollectionViewCell.xib */; };
		0D7112611D2B991A00FE3A4E /* AccountViewController.m in Sources */ = {isa = PBXBuildFile; fileRef = 0D71125F1D2B991A00FE3A4E /* AccountViewController.m */; };
		0D7112621D2B991A00FE3A4E /* AccountViewController.xib in Resources */ = {isa = PBXBuildFile; fileRef = 0D7112601D2B991A00FE3A4E /* AccountViewController.xib */; };
		0D7112681D2CA4E700FE3A4E /* ChangePasswordViewController.m in Sources */ = {isa = PBXBuildFile; fileRef = 0D7112661D2CA4E700FE3A4E /* ChangePasswordViewController.m */; };
		0D7112691D2CA4E700FE3A4E /* ChangePasswordViewController.xib in Resources */ = {isa = PBXBuildFile; fileRef = 0D7112671D2CA4E700FE3A4E /* ChangePasswordViewController.xib */; };
		0D71126D1D2CE13900FE3A4E /* SitComViewController.m in Sources */ = {isa = PBXBuildFile; fileRef = 0D71126B1D2CE13900FE3A4E /* SitComViewController.m */; };
		0D71126E1D2CE13900FE3A4E /* SitComViewController.xib in Resources */ = {isa = PBXBuildFile; fileRef = 0D71126C1D2CE13900FE3A4E /* SitComViewController.xib */; };
		0D7112721D2CEDE700FE3A4E /* AddSitComViewController.m in Sources */ = {isa = PBXBuildFile; fileRef = 0D7112701D2CEDE700FE3A4E /* AddSitComViewController.m */; };
		0D7112731D2CEDE700FE3A4E /* AddSitComViewController.xib in Resources */ = {isa = PBXBuildFile; fileRef = 0D7112711D2CEDE700FE3A4E /* AddSitComViewController.xib */; };
		0D7112771D2DF78A00FE3A4E /* AddSiteHeadView.m in Sources */ = {isa = PBXBuildFile; fileRef = 0D7112761D2DF78A00FE3A4E /* AddSiteHeadView.m */; };
		0D7112791D2DF79F00FE3A4E /* AddSiteHeadView.xib in Resources */ = {isa = PBXBuildFile; fileRef = 0D7112781D2DF79F00FE3A4E /* AddSiteHeadView.xib */; };
		0D71127D1D2E015A00FE3A4E /* TermTableViewCell.m in Sources */ = {isa = PBXBuildFile; fileRef = 0D71127B1D2E015A00FE3A4E /* TermTableViewCell.m */; };
		0D71127E1D2E015A00FE3A4E /* TermTableViewCell.xib in Resources */ = {isa = PBXBuildFile; fileRef = 0D71127C1D2E015A00FE3A4E /* TermTableViewCell.xib */; };
		0D7112811D2E369600FE3A4E /* TableViewFootView.m in Sources */ = {isa = PBXBuildFile; fileRef = 0D7112801D2E369600FE3A4E /* TableViewFootView.m */; };
		0D7112831D2E36A000FE3A4E /* TableViewFootView.xib in Resources */ = {isa = PBXBuildFile; fileRef = 0D7112821D2E36A000FE3A4E /* TableViewFootView.xib */; };
		0D7112881D2E518D00FE3A4E /* DQAlertView.m in Sources */ = {isa = PBXBuildFile; fileRef = 0D7112871D2E518D00FE3A4E /* DQAlertView.m */; };
		0D71128C1D2F7F6C00FE3A4E /* ChaZouViewController.m in Sources */ = {isa = PBXBuildFile; fileRef = 0D71128A1D2F7F6C00FE3A4E /* ChaZouViewController.m */; };
		0D71128D1D2F7F6C00FE3A4E /* ChaZouViewController.xib in Resources */ = {isa = PBXBuildFile; fileRef = 0D71128B1D2F7F6C00FE3A4E /* ChaZouViewController.xib */; };
		0D7112911D2F918C00FE3A4E /* ConfigViewController.m in Sources */ = {isa = PBXBuildFile; fileRef = 0D71128F1D2F918C00FE3A4E /* ConfigViewController.m */; };
		0D7112921D2F918C00FE3A4E /* ConfigViewController.xib in Resources */ = {isa = PBXBuildFile; fileRef = 0D7112901D2F918C00FE3A4E /* ConfigViewController.xib */; };
		0DC8422C1D20D1FD00B80830 /* LoginTableViewCell.m in Sources */ = {isa = PBXBuildFile; fileRef = 0DC8422A1D20D1FD00B80830 /* LoginTableViewCell.m */; };
		0DC8422D1D20D1FD00B80830 /* LoginTableViewCell.xib in Resources */ = {isa = PBXBuildFile; fileRef = 0DC8422B1D20D1FD00B80830 /* LoginTableViewCell.xib */; };
		0DC842331D20D46300B80830 /* UIBarButtonItem+Extension.m in Sources */ = {isa = PBXBuildFile; fileRef = 0DC842321D20D46300B80830 /* UIBarButtonItem+Extension.m */; };
		0DC842361D20D49900B80830 /* UIImage+color.m in Sources */ = {isa = PBXBuildFile; fileRef = 0DC842351D20D49900B80830 /* UIImage+color.m */; };
		0DC8423A1D20D54900B80830 /* TimerButton.m in Sources */ = {isa = PBXBuildFile; fileRef = 0DC842391D20D54900B80830 /* TimerButton.m */; };
		0DC842431D21211800B80830 /* LoginFootView.m in Sources */ = {isa = PBXBuildFile; fileRef = 0DC842421D21211800B80830 /* LoginFootView.m */; };
		0DC842451D21212500B80830 /* LoginFootView.xib in Resources */ = {isa = PBXBuildFile; fileRef = 0DC842441D21212500B80830 /* LoginFootView.xib */; };
		0DC842491D22098B00B80830 /* ForgetViewController.m in Sources */ = {isa = PBXBuildFile; fileRef = 0DC842471D22098B00B80830 /* ForgetViewController.m */; };
		0DC8424A1D22098B00B80830 /* ForgetViewController.xib in Resources */ = {isa = PBXBuildFile; fileRef = 0DC842481D22098B00B80830 /* ForgetViewController.xib */; };
		0DC8424D1D220A3700B80830 /* LoginButtonView.m in Sources */ = {isa = PBXBuildFile; fileRef = 0DC8424C1D220A3700B80830 /* LoginButtonView.m */; };
		0DC8424F1D220A4100B80830 /* LoginButtonView.xib in Resources */ = {isa = PBXBuildFile; fileRef = 0DC8424E1D220A4100B80830 /* LoginButtonView.xib */; };
		0DC842551D22543900B80830 /* Forget2ViewController.m in Sources */ = {isa = PBXBuildFile; fileRef = 0DC842531D22543900B80830 /* Forget2ViewController.m */; };
		0DC842561D22543900B80830 /* Forget2ViewController.xib in Resources */ = {isa = PBXBuildFile; fileRef = 0DC842541D22543900B80830 /* Forget2ViewController.xib */; };
		0DC8425A1D22556000B80830 /* RegisterViewController.m in Sources */ = {isa = PBXBuildFile; fileRef = 0DC842581D22556000B80830 /* RegisterViewController.m */; };
		0DC8425B1D22556000B80830 /* RegisterViewController.xib in Resources */ = {isa = PBXBuildFile; fileRef = 0DC842591D22556000B80830 /* RegisterViewController.xib */; };
		0DC842701D22581A00B80830 /* DHNavigationViewController.m in Sources */ = {isa = PBXBuildFile; fileRef = 0DC8425F1D22581A00B80830 /* DHNavigationViewController.m */; };
		0DC842711D22581A00B80830 /* DHTabBarViewController.m in Sources */ = {isa = PBXBuildFile; fileRef = 0DC842611D22581A00B80830 /* DHTabBarViewController.m */; };
		0DC842751D22581A00B80830 /* DHBadgeButton.m in Sources */ = {isa = PBXBuildFile; fileRef = 0DC8426B1D22581A00B80830 /* DHBadgeButton.m */; };
		0DC842761D22581A00B80830 /* DHTabBar.m in Sources */ = {isa = PBXBuildFile; fileRef = 0DC8426D1D22581A00B80830 /* DHTabBar.m */; };
		0DC842771D22581A00B80830 /* DHTabBarButton.m in Sources */ = {isa = PBXBuildFile; fileRef = 0DC8426F1D22581A00B80830 /* DHTabBarButton.m */; };
		0DC8427E1D2258AE00B80830 /* DevicesViewController.m in Sources */ = {isa = PBXBuildFile; fileRef = 0DC8427C1D2258AE00B80830 /* DevicesViewController.m */; };
		0DC8427F1D2258AE00B80830 /* DevicesViewController.xib in Resources */ = {isa = PBXBuildFile; fileRef = 0DC8427D1D2258AE00B80830 /* DevicesViewController.xib */; };
		0DC842831D2258BB00B80830 /* SettingViewController.m in Sources */ = {isa = PBXBuildFile; fileRef = 0DC842811D2258BB00B80830 /* SettingViewController.m */; };
		0DC842841D2258BB00B80830 /* SettingViewController.xib in Resources */ = {isa = PBXBuildFile; fileRef = 0DC842821D2258BB00B80830 /* SettingViewController.xib */; };
		0DC842881D2258C600B80830 /* AboutViewController.m in Sources */ = {isa = PBXBuildFile; fileRef = 0DC842861D2258C600B80830 /* AboutViewController.m */; };
		0DC842891D2258C600B80830 /* AboutViewController.xib in Resources */ = {isa = PBXBuildFile; fileRef = 0DC842871D2258C600B80830 /* AboutViewController.xib */; };
		0DC8428C1D225A7300B80830 /* UIImage+MJ.m in Sources */ = {isa = PBXBuildFile; fileRef = 0DC8428B1D225A7300B80830 /* UIImage+MJ.m */; };
		0DC842911D22726300B80830 /* PersonInfoTableViewCell.m in Sources */ = {isa = PBXBuildFile; fileRef = 0DC8428F1D22726300B80830 /* PersonInfoTableViewCell.m */; };
		0DC842921D22726300B80830 /* PersonInfoTableViewCell.xib in Resources */ = {isa = PBXBuildFile; fileRef = 0DC842901D22726300B80830 /* PersonInfoTableViewCell.xib */; };
		0DF320F21D17C3C800B9BB67 /* HHNUtility+app.m in Sources */ = {isa = PBXBuildFile; fileRef = 0DF320ED1D17C3C800B9BB67 /* HHNUtility+app.m */; };
		0DF320F31D17C3C800B9BB67 /* HHNUtility+Device.m in Sources */ = {isa = PBXBuildFile; fileRef = 0DF320EE1D17C3C800B9BB67 /* HHNUtility+Device.m */; };
		0DF320F41D17C3C800B9BB67 /* HHNUtility+Locale.m in Sources */ = {isa = PBXBuildFile; fileRef = 0DF320EF1D17C3C800B9BB67 /* HHNUtility+Locale.m */; };
		0DF320F51D17C3C800B9BB67 /* HHNUtility.m in Sources */ = {isa = PBXBuildFile; fileRef = 0DF320F11D17C3C800B9BB67 /* HHNUtility.m */; };
		0DF320F81D17C41900B9BB67 /* NSString+extension.m in Sources */ = {isa = PBXBuildFile; fileRef = 0DF320F71D17C41900B9BB67 /* NSString+extension.m */; };
		0DF320FC1D17C5A600B9BB67 /* YTKUrlArgumentsFilter.m in Sources */ = {isa = PBXBuildFile; fileRef = 0DF320FB1D17C5A600B9BB67 /* YTKUrlArgumentsFilter.m */; };
		15A5A6E55F86D40DD7B00B98 /* libPods.a in Frameworks */ = {isa = PBXBuildFile; fileRef = 8AA0C155551DF71DFA442400 /* libPods.a */; };
		5C259D371D379271005B0D21 /* WBTVViewController.m in Sources */ = {isa = PBXBuildFile; fileRef = 5C259D351D379271005B0D21 /* WBTVViewController.m */; };
		5C259D381D379271005B0D21 /* WBTVViewController.xib in Resources */ = {isa = PBXBuildFile; fileRef = 5C259D361D379271005B0D21 /* WBTVViewController.xib */; };
		5C259D3F1D3796FA005B0D21 /* AutoCodingObject.m in Sources */ = {isa = PBXBuildFile; fileRef = 5C259D3C1D3796FA005B0D21 /* AutoCodingObject.m */; };
		5C259D401D3796FA005B0D21 /* YDVCPickerViewController.m in Sources */ = {isa = PBXBuildFile; fileRef = 5C259D3E1D3796FA005B0D21 /* YDVCPickerViewController.m */; };
		5C5004D41D3A2CAB002D04F8 /* WBAppleControlViewController.m in Sources */ = {isa = PBXBuildFile; fileRef = 5C5004D21D3A2CAB002D04F8 /* WBAppleControlViewController.m */; };
		5C5004D51D3A2CAB002D04F8 /* WBAppleControlViewController.xib in Resources */ = {isa = PBXBuildFile; fileRef = 5C5004D31D3A2CAB002D04F8 /* WBAppleControlViewController.xib */; };
		5C5004D91D3A2F71002D04F8 /* WBXiaoMiControlViewController.m in Sources */ = {isa = PBXBuildFile; fileRef = 5C5004D71D3A2F71002D04F8 /* WBXiaoMiControlViewController.m */; };
		5C5004DA1D3A2F71002D04F8 /* WBXiaoMiControlViewController.xib in Resources */ = {isa = PBXBuildFile; fileRef = 5C5004D81D3A2F71002D04F8 /* WBXiaoMiControlViewController.xib */; };
		5C8883621D3CBAF600DD1F68 /* WBSoundViewController.m in Sources */ = {isa = PBXBuildFile; fileRef = 5C8883601D3CBAF600DD1F68 /* WBSoundViewController.m */; };
		5C8883631D3CBAF600DD1F68 /* WBSoundViewController.xib in Resources */ = {isa = PBXBuildFile; fileRef = 5C8883611D3CBAF600DD1F68 /* WBSoundViewController.xib */; };
		5CF0C9AA1D38CC4800312BE0 /* WBDVDViewController.m in Sources */ = {isa = PBXBuildFile; fileRef = 5CF0C9A81D38CC4800312BE0 /* WBDVDViewController.m */; };
		5CF0C9AB1D38CC4800312BE0 /* WBDVDViewController.xib in Resources */ = {isa = PBXBuildFile; fileRef = 5CF0C9A91D38CC4800312BE0 /* WBDVDViewController.xib */; };
		5CF0C9AF1D38D13B00312BE0 /* WBAirConditionerViewController.m in Sources */ = {isa = PBXBuildFile; fileRef = 5CF0C9AD1D38D13B00312BE0 /* WBAirConditionerViewController.m */; };
		5CF0C9B01D38D13B00312BE0 /* WBAirConditionerViewController.xib in Resources */ = {isa = PBXBuildFile; fileRef = 5CF0C9AE1D38D13B00312BE0 /* WBAirConditionerViewController.xib */; };
/* End PBXBuildFile section */

/* Begin PBXFileReference section */
		0D1100011D18C8AD004CF6D2 /* BaseViewController.h */ = {isa = PBXFileReference; fileEncoding = 4; lastKnownFileType = sourcecode.c.h; path = BaseViewController.h; sourceTree = "<group>"; };
		0D1100021D18C8AD004CF6D2 /* BaseViewController.m */ = {isa = PBXFileReference; fileEncoding = 4; lastKnownFileType = sourcecode.c.objc; path = BaseViewController.m; sourceTree = "<group>"; };
		0D1100041D18C8E9004CF6D2 /* LoginViewController.h */ = {isa = PBXFileReference; fileEncoding = 4; lastKnownFileType = sourcecode.c.h; path = LoginViewController.h; sourceTree = "<group>"; };
		0D1100051D18C8E9004CF6D2 /* LoginViewController.m */ = {isa = PBXFileReference; fileEncoding = 4; lastKnownFileType = sourcecode.c.objc; path = LoginViewController.m; sourceTree = "<group>"; };
		0D1100061D18C8E9004CF6D2 /* LoginViewController.xib */ = {isa = PBXFileReference; fileEncoding = 4; lastKnownFileType = file.xib; path = LoginViewController.xib; sourceTree = "<group>"; };
		0D11FFFD1D18C82A004CF6D2 /* Mac.h */ = {isa = PBXFileReference; lastKnownFileType = sourcecode.c.h; path = Mac.h; sourceTree = "<group>"; };
		0D2DA3561D051497005609D2 /* WB.app */ = {isa = PBXFileReference; explicitFileType = wrapper.application; includeInIndex = 0; path = WB.app; sourceTree = BUILT_PRODUCTS_DIR; };
		0D2DA35A1D051497005609D2 /* main.m */ = {isa = PBXFileReference; lastKnownFileType = sourcecode.c.objc; path = main.m; sourceTree = "<group>"; };
		0D2DA35C1D051497005609D2 /* AppDelegate.h */ = {isa = PBXFileReference; lastKnownFileType = sourcecode.c.h; path = AppDelegate.h; sourceTree = "<group>"; };
		0D2DA35D1D051497005609D2 /* AppDelegate.mm */ = {isa = PBXFileReference; lastKnownFileType = sourcecode.cpp.objcpp; path = AppDelegate.mm; sourceTree = "<group>"; };
		0D2DA35F1D051497005609D2 /* ViewController.h */ = {isa = PBXFileReference; lastKnownFileType = sourcecode.c.h; path = ViewController.h; sourceTree = "<group>"; };
		0D2DA3601D051497005609D2 /* ViewController.m */ = {isa = PBXFileReference; lastKnownFileType = sourcecode.c.objc; path = ViewController.m; sourceTree = "<group>"; };
		0D2DA3631D051497005609D2 /* Base */ = {isa = PBXFileReference; lastKnownFileType = file.storyboard; name = Base; path = Base.lproj/Main.storyboard; sourceTree = "<group>"; };
		0D2DA3651D051498005609D2 /* Assets.xcassets */ = {isa = PBXFileReference; lastKnownFileType = folder.assetcatalog; path = Assets.xcassets; sourceTree = "<group>"; };
		0D2DA3681D051498005609D2 /* Base */ = {isa = PBXFileReference; lastKnownFileType = file.storyboard; name = Base; path = Base.lproj/LaunchScreen.storyboard; sourceTree = "<group>"; };
		0D2DA36A1D051498005609D2 /* Info.plist */ = {isa = PBXFileReference; lastKnownFileType = text.plist.xml; path = Info.plist; sourceTree = "<group>"; };
		0D2DA3711D051BDC005609D2 /* FogCloud.framework */ = {isa = PBXFileReference; lastKnownFileType = wrapper.framework; path = FogCloud.framework; sourceTree = "<group>"; };
		0D2DA3721D051BDC005609D2 /* libEasyLink.a */ = {isa = PBXFileReference; lastKnownFileType = archive.ar; path = libEasyLink.a; sourceTree = "<group>"; };
		0D2DA3731D051BDC005609D2 /* Others.bundle */ = {isa = PBXFileReference; lastKnownFileType = "wrapper.plug-in"; path = Others.bundle; sourceTree = "<group>"; };
		0D2DA3781D05236E005609D2 /* UIViewController+HUD.h */ = {isa = PBXFileReference; fileEncoding = 4; lastKnownFileType = sourcecode.c.h; path = "UIViewController+HUD.h"; sourceTree = "<group>"; };
		0D2DA3791D05236E005609D2 /* UIViewController+HUD.m */ = {isa = PBXFileReference; fileEncoding = 4; lastKnownFileType = sourcecode.c.objc; path = "UIViewController+HUD.m"; sourceTree = "<group>"; };
		0D2DA37D1D054B96005609D2 /* Constant.h */ = {isa = PBXFileReference; fileEncoding = 4; lastKnownFileType = sourcecode.c.h; path = Constant.h; sourceTree = "<group>"; };
		0D2DA3811D0550BE005609D2 /* PrefixHeader.pch */ = {isa = PBXFileReference; lastKnownFileType = sourcecode.c.h; path = PrefixHeader.pch; sourceTree = "<group>"; };
		0D2DA3851D055AA3005609D2 /* CoreFactory.h */ = {isa = PBXFileReference; fileEncoding = 4; lastKnownFileType = sourcecode.c.h; path = CoreFactory.h; sourceTree = "<group>"; };
		0D2DA3861D055AA3005609D2 /* CoreFactory.m */ = {isa = PBXFileReference; fileEncoding = 4; lastKnownFileType = sourcecode.c.objc; path = CoreFactory.m; sourceTree = "<group>"; };
		0D2DA3871D055AA3005609D2 /* CoreManager.h */ = {isa = PBXFileReference; fileEncoding = 4; lastKnownFileType = sourcecode.c.h; path = CoreManager.h; sourceTree = "<group>"; };
		0D2DA3881D055AA3005609D2 /* CoreManager.m */ = {isa = PBXFileReference; fileEncoding = 4; lastKnownFileType = sourcecode.c.objc; path = CoreManager.m; sourceTree = "<group>"; };
		0D2DA38B1D055AD8005609D2 /* CommonServiceCenter.h */ = {isa = PBXFileReference; fileEncoding = 4; lastKnownFileType = sourcecode.c.h; path = CommonServiceCenter.h; sourceTree = "<group>"; };
		0D2DA38C1D055AD8005609D2 /* CommonServiceCenter.m */ = {isa = PBXFileReference; fileEncoding = 4; lastKnownFileType = sourcecode.c.objc; path = CommonServiceCenter.m; sourceTree = "<group>"; };
		0D2DA38F1D055B45005609D2 /* CommonFileUtils.h */ = {isa = PBXFileReference; fileEncoding = 4; lastKnownFileType = sourcecode.c.h; path = CommonFileUtils.h; sourceTree = "<group>"; };
		0D2DA3901D055B45005609D2 /* CommonFileUtils.m */ = {isa = PBXFileReference; fileEncoding = 4; lastKnownFileType = sourcecode.c.objc; path = CommonFileUtils.m; sourceTree = "<group>"; };
		0D2DA3931D055C2D005609D2 /* LogDefine.h */ = {isa = PBXFileReference; fileEncoding = 4; lastKnownFileType = sourcecode.c.h; path = LogDefine.h; sourceTree = "<group>"; };
		0D2DA3941D055C2D005609D2 /* LogDefine.m */ = {isa = PBXFileReference; fileEncoding = 4; lastKnownFileType = sourcecode.c.objc; path = LogDefine.m; sourceTree = "<group>"; };
		0D2DA3951D055C2D005609D2 /* Logger.h */ = {isa = PBXFileReference; fileEncoding = 4; lastKnownFileType = sourcecode.c.h; path = Logger.h; sourceTree = "<group>"; };
		0D2DA3961D055C2D005609D2 /* Logger.m */ = {isa = PBXFileReference; fileEncoding = 4; lastKnownFileType = sourcecode.c.objc; path = Logger.m; sourceTree = "<group>"; };
		0D2DA3971D055C2D005609D2 /* LoggerUtil.h */ = {isa = PBXFileReference; fileEncoding = 4; lastKnownFileType = sourcecode.c.h; path = LoggerUtil.h; sourceTree = "<group>"; };
		0D2DA3981D055C2D005609D2 /* LoggerUtil.m */ = {isa = PBXFileReference; fileEncoding = 4; lastKnownFileType = sourcecode.c.objc; path = LoggerUtil.m; sourceTree = "<group>"; };
		0D2DA39D1D055C56005609D2 /* ZipUtil.h */ = {isa = PBXFileReference; fileEncoding = 4; lastKnownFileType = sourcecode.c.h; path = ZipUtil.h; sourceTree = "<group>"; };
		0D2DA39E1D055C56005609D2 /* ZipUtil.m */ = {isa = PBXFileReference; fileEncoding = 4; lastKnownFileType = sourcecode.c.objc; path = ZipUtil.m; sourceTree = "<group>"; };
		0D2DA3A01D057140005609D2 /* libz.tbd */ = {isa = PBXFileReference; lastKnownFileType = "sourcecode.text-based-dylib-definition"; name = libz.tbd; path = usr/lib/libz.tbd; sourceTree = SDKROOT; };
		0D58BDF51D0E4C6F0015D636 /* UserServiceProtocol.h */ = {isa = PBXFileReference; fileEncoding = 4; lastKnownFileType = sourcecode.c.h; name = UserServiceProtocol.h; path = WB/UserServiceProtocol.h; sourceTree = SOURCE_ROOT; };
		0D58BDF61D0E4CB80015D636 /* UserService.h */ = {isa = PBXFileReference; fileEncoding = 4; lastKnownFileType = sourcecode.c.h; name = UserService.h; path = WB/UserService.h; sourceTree = SOURCE_ROOT; };
		0D58BDF71D0E4CB80015D636 /* UserService.m */ = {isa = PBXFileReference; fileEncoding = 4; lastKnownFileType = sourcecode.c.objc; name = UserService.m; path = WB/UserService.m; sourceTree = SOURCE_ROOT; };
		0D58BDF91D0E4DA10015D636 /* DeviceServiceProtocol.h */ = {isa = PBXFileReference; fileEncoding = 4; lastKnownFileType = sourcecode.c.h; path = DeviceServiceProtocol.h; sourceTree = "<group>"; };
		0D58BDFA1D0E4DB40015D636 /* DeviceService.h */ = {isa = PBXFileReference; fileEncoding = 4; lastKnownFileType = sourcecode.c.h; path = DeviceService.h; sourceTree = "<group>"; };
		0D58BDFB1D0E4DB40015D636 /* DeviceService.m */ = {isa = PBXFileReference; fileEncoding = 4; lastKnownFileType = sourcecode.c.objc; path = DeviceService.m; sourceTree = "<group>"; };
		0D58BDFD1D0E4E050015D636 /* UserDeviceServiceProtocol.h */ = {isa = PBXFileReference; fileEncoding = 4; lastKnownFileType = sourcecode.c.h; path = UserDeviceServiceProtocol.h; sourceTree = "<group>"; };
		0D58BDFE1D0E4E410015D636 /* UserDeviceService.h */ = {isa = PBXFileReference; fileEncoding = 4; lastKnownFileType = sourcecode.c.h; path = UserDeviceService.h; sourceTree = "<group>"; };
		0D58BDFF1D0E4E410015D636 /* UserDeviceService.m */ = {isa = PBXFileReference; fileEncoding = 4; lastKnownFileType = sourcecode.c.objc; path = UserDeviceService.m; sourceTree = "<group>"; };
		0D7112211D29FCE800FE3A4E /* SettingItemTableViewCell.h */ = {isa = PBXFileReference; fileEncoding = 4; lastKnownFileType = sourcecode.c.h; path = SettingItemTableViewCell.h; sourceTree = "<group>"; };
		0D7112221D29FCE800FE3A4E /* SettingItemTableViewCell.m */ = {isa = PBXFileReference; fileEncoding = 4; lastKnownFileType = sourcecode.c.objc; path = SettingItemTableViewCell.m; sourceTree = "<group>"; };
		0D7112231D29FCE800FE3A4E /* SettingItemTableViewCell.xib */ = {isa = PBXFileReference; fileEncoding = 4; lastKnownFileType = file.xib; path = SettingItemTableViewCell.xib; sourceTree = "<group>"; };
		0D7112261D2A068300FE3A4E /* YaokongViewController.h */ = {isa = PBXFileReference; fileEncoding = 4; lastKnownFileType = sourcecode.c.h; path = YaokongViewController.h; sourceTree = "<group>"; };
		0D7112271D2A068300FE3A4E /* YaokongViewController.m */ = {isa = PBXFileReference; fileEncoding = 4; lastKnownFileType = sourcecode.c.objc; path = YaokongViewController.m; sourceTree = "<group>"; };
		0D7112281D2A068300FE3A4E /* YaokongViewController.xib */ = {isa = PBXFileReference; fileEncoding = 4; lastKnownFileType = file.xib; path = YaokongViewController.xib; sourceTree = "<group>"; };
		0D71122B1D2A0B9F00FE3A4E /* WifiViewController.h */ = {isa = PBXFileReference; fileEncoding = 4; lastKnownFileType = sourcecode.c.h; path = WifiViewController.h; sourceTree = "<group>"; };
		0D71122C1D2A0B9F00FE3A4E /* WifiViewController.m */ = {isa = PBXFileReference; fileEncoding = 4; lastKnownFileType = sourcecode.c.objc; path = WifiViewController.m; sourceTree = "<group>"; };
		0D71122D1D2A0B9F00FE3A4E /* WifiViewController.xib */ = {isa = PBXFileReference; fileEncoding = 4; lastKnownFileType = file.xib; path = WifiViewController.xib; sourceTree = "<group>"; };
		0D7112301D2A0E7000FE3A4E /* LoadingViewController.h */ = {isa = PBXFileReference; fileEncoding = 4; lastKnownFileType = sourcecode.c.h; path = LoadingViewController.h; sourceTree = "<group>"; };
		0D7112311D2A0E7000FE3A4E /* LoadingViewController.m */ = {isa = PBXFileReference; fileEncoding = 4; lastKnownFileType = sourcecode.c.objc; path = LoadingViewController.m; sourceTree = "<group>"; };
		0D7112321D2A0E7000FE3A4E /* LoadingViewController.xib */ = {isa = PBXFileReference; fileEncoding = 4; lastKnownFileType = file.xib; path = LoadingViewController.xib; sourceTree = "<group>"; };
		0D7112351D2A3FD800FE3A4E /* ItemTableViewCell.h */ = {isa = PBXFileReference; fileEncoding = 4; lastKnownFileType = sourcecode.c.h; path = ItemTableViewCell.h; sourceTree = "<group>"; };
		0D7112361D2A3FD800FE3A4E /* ItemTableViewCell.m */ = {isa = PBXFileReference; fileEncoding = 4; lastKnownFileType = sourcecode.c.objc; path = ItemTableViewCell.m; sourceTree = "<group>"; };
		0D7112371D2A3FD800FE3A4E /* ItemTableViewCell.xib */ = {isa = PBXFileReference; fileEncoding = 4; lastKnownFileType = file.xib; path = ItemTableViewCell.xib; sourceTree = "<group>"; };
		0D71123A1D2A4CE600FE3A4E /* ItemEditViewController.h */ = {isa = PBXFileReference; fileEncoding = 4; lastKnownFileType = sourcecode.c.h; path = ItemEditViewController.h; sourceTree = "<group>"; };
		0D71123B1D2A4CE600FE3A4E /* ItemEditViewController.m */ = {isa = PBXFileReference; fileEncoding = 4; lastKnownFileType = sourcecode.c.objc; path = ItemEditViewController.m; sourceTree = "<group>"; };
		0D71123C1D2A4CE600FE3A4E /* ItemEditViewController.xib */ = {isa = PBXFileReference; fileEncoding = 4; lastKnownFileType = file.xib; path = ItemEditViewController.xib; sourceTree = "<group>"; };
		0D7112461D2A5AD700FE3A4E /* ProductsCollectionViewCell.h */ = {isa = PBXFileReference; fileEncoding = 4; lastKnownFileType = sourcecode.c.h; path = ProductsCollectionViewCell.h; sourceTree = "<group>"; };
		0D7112471D2A5AD700FE3A4E /* ProductsCollectionViewCell.m */ = {isa = PBXFileReference; fileEncoding = 4; lastKnownFileType = sourcecode.c.objc; path = ProductsCollectionViewCell.m; sourceTree = "<group>"; };
		0D7112481D2A5AD700FE3A4E /* ProductsCollectionViewCell.xib */ = {isa = PBXFileReference; fileEncoding = 4; lastKnownFileType = file.xib; path = ProductsCollectionViewCell.xib; sourceTree = "<group>"; };
		0D71124B1D2A5B9400FE3A4E /* ItemAddViewController.h */ = {isa = PBXFileReference; fileEncoding = 4; lastKnownFileType = sourcecode.c.h; path = ItemAddViewController.h; sourceTree = "<group>"; };
		0D71124C1D2A5B9400FE3A4E /* ItemAddViewController.m */ = {isa = PBXFileReference; fileEncoding = 4; lastKnownFileType = sourcecode.c.objc; path = ItemAddViewController.m; sourceTree = "<group>"; };
		0D71124D1D2A5B9400FE3A4E /* ItemAddViewController.xib */ = {isa = PBXFileReference; fileEncoding = 4; lastKnownFileType = file.xib; path = ItemAddViewController.xib; sourceTree = "<group>"; };
		0D7112501D2A5BAD00FE3A4E /* ItemAddTableViewCell.h */ = {isa = PBXFileReference; fileEncoding = 4; lastKnownFileType = sourcecode.c.h; path = ItemAddTableViewCell.h; sourceTree = "<group>"; };
		0D7112511D2A5BAD00FE3A4E /* ItemAddTableViewCell.m */ = {isa = PBXFileReference; fileEncoding = 4; lastKnownFileType = sourcecode.c.objc; path = ItemAddTableViewCell.m; sourceTree = "<group>"; };
		0D7112521D2A5BAD00FE3A4E /* ItemAddTableViewCell.xib */ = {isa = PBXFileReference; fileEncoding = 4; lastKnownFileType = file.xib; path = ItemAddTableViewCell.xib; sourceTree = "<group>"; };
		0D7112561D2A5BF600FE3A4E /* IndexCollectionView.h */ = {isa = PBXFileReference; fileEncoding = 4; lastKnownFileType = sourcecode.c.h; path = IndexCollectionView.h; sourceTree = "<group>"; };
		0D7112571D2A5BF600FE3A4E /* IndexCollectionView.m */ = {isa = PBXFileReference; fileEncoding = 4; lastKnownFileType = sourcecode.c.objc; path = IndexCollectionView.m; sourceTree = "<group>"; };
		0D7112591D2B472800FE3A4E /* DefaultCollectionViewCell.h */ = {isa = PBXFileReference; fileEncoding = 4; lastKnownFileType = sourcecode.c.h; path = DefaultCollectionViewCell.h; sourceTree = "<group>"; };
		0D71125A1D2B472800FE3A4E /* DefaultCollectionViewCell.m */ = {isa = PBXFileReference; fileEncoding = 4; lastKnownFileType = sourcecode.c.objc; path = DefaultCollectionViewCell.m; sourceTree = "<group>"; };
		0D71125B1D2B472800FE3A4E /* DefaultCollectionViewCell.xib */ = {isa = PBXFileReference; fileEncoding = 4; lastKnownFileType = file.xib; path = DefaultCollectionViewCell.xib; sourceTree = "<group>"; };
		0D71125E1D2B991A00FE3A4E /* AccountViewController.h */ = {isa = PBXFileReference; fileEncoding = 4; lastKnownFileType = sourcecode.c.h; path = AccountViewController.h; sourceTree = "<group>"; };
		0D71125F1D2B991A00FE3A4E /* AccountViewController.m */ = {isa = PBXFileReference; fileEncoding = 4; lastKnownFileType = sourcecode.c.objc; path = AccountViewController.m; sourceTree = "<group>"; };
		0D7112601D2B991A00FE3A4E /* AccountViewController.xib */ = {isa = PBXFileReference; fileEncoding = 4; lastKnownFileType = file.xib; path = AccountViewController.xib; sourceTree = "<group>"; };
		0D7112651D2CA4E700FE3A4E /* ChangePasswordViewController.h */ = {isa = PBXFileReference; fileEncoding = 4; lastKnownFileType = sourcecode.c.h; path = ChangePasswordViewController.h; sourceTree = "<group>"; };
		0D7112661D2CA4E700FE3A4E /* ChangePasswordViewController.m */ = {isa = PBXFileReference; fileEncoding = 4; lastKnownFileType = sourcecode.c.objc; path = ChangePasswordViewController.m; sourceTree = "<group>"; };
		0D7112671D2CA4E700FE3A4E /* ChangePasswordViewController.xib */ = {isa = PBXFileReference; fileEncoding = 4; lastKnownFileType = file.xib; path = ChangePasswordViewController.xib; sourceTree = "<group>"; };
		0D71126A1D2CE13900FE3A4E /* SitComViewController.h */ = {isa = PBXFileReference; fileEncoding = 4; lastKnownFileType = sourcecode.c.h; path = SitComViewController.h; sourceTree = "<group>"; };
		0D71126B1D2CE13900FE3A4E /* SitComViewController.m */ = {isa = PBXFileReference; fileEncoding = 4; lastKnownFileType = sourcecode.c.objc; path = SitComViewController.m; sourceTree = "<group>"; };
		0D71126C1D2CE13900FE3A4E /* SitComViewController.xib */ = {isa = PBXFileReference; fileEncoding = 4; lastKnownFileType = file.xib; path = SitComViewController.xib; sourceTree = "<group>"; };
		0D71126F1D2CEDE700FE3A4E /* AddSitComViewController.h */ = {isa = PBXFileReference; fileEncoding = 4; lastKnownFileType = sourcecode.c.h; path = AddSitComViewController.h; sourceTree = "<group>"; };
		0D7112701D2CEDE700FE3A4E /* AddSitComViewController.m */ = {isa = PBXFileReference; fileEncoding = 4; lastKnownFileType = sourcecode.c.objc; path = AddSitComViewController.m; sourceTree = "<group>"; };
		0D7112711D2CEDE700FE3A4E /* AddSitComViewController.xib */ = {isa = PBXFileReference; fileEncoding = 4; lastKnownFileType = file.xib; path = AddSitComViewController.xib; sourceTree = "<group>"; };
		0D7112751D2DF78A00FE3A4E /* AddSiteHeadView.h */ = {isa = PBXFileReference; fileEncoding = 4; lastKnownFileType = sourcecode.c.h; path = AddSiteHeadView.h; sourceTree = "<group>"; };
		0D7112761D2DF78A00FE3A4E /* AddSiteHeadView.m */ = {isa = PBXFileReference; fileEncoding = 4; lastKnownFileType = sourcecode.c.objc; path = AddSiteHeadView.m; sourceTree = "<group>"; };
		0D7112781D2DF79F00FE3A4E /* AddSiteHeadView.xib */ = {isa = PBXFileReference; fileEncoding = 4; lastKnownFileType = file.xib; path = AddSiteHeadView.xib; sourceTree = "<group>"; };
		0D71127A1D2E015A00FE3A4E /* TermTableViewCell.h */ = {isa = PBXFileReference; fileEncoding = 4; lastKnownFileType = sourcecode.c.h; path = TermTableViewCell.h; sourceTree = "<group>"; };
		0D71127B1D2E015A00FE3A4E /* TermTableViewCell.m */ = {isa = PBXFileReference; fileEncoding = 4; lastKnownFileType = sourcecode.c.objc; path = TermTableViewCell.m; sourceTree = "<group>"; };
		0D71127C1D2E015A00FE3A4E /* TermTableViewCell.xib */ = {isa = PBXFileReference; fileEncoding = 4; lastKnownFileType = file.xib; path = TermTableViewCell.xib; sourceTree = "<group>"; };
		0D71127F1D2E369600FE3A4E /* TableViewFootView.h */ = {isa = PBXFileReference; fileEncoding = 4; lastKnownFileType = sourcecode.c.h; path = TableViewFootView.h; sourceTree = "<group>"; };
		0D7112801D2E369600FE3A4E /* TableViewFootView.m */ = {isa = PBXFileReference; fileEncoding = 4; lastKnownFileType = sourcecode.c.objc; path = TableViewFootView.m; sourceTree = "<group>"; };
		0D7112821D2E36A000FE3A4E /* TableViewFootView.xib */ = {isa = PBXFileReference; fileEncoding = 4; lastKnownFileType = file.xib; path = TableViewFootView.xib; sourceTree = "<group>"; };
		0D7112861D2E518D00FE3A4E /* DQAlertView.h */ = {isa = PBXFileReference; fileEncoding = 4; lastKnownFileType = sourcecode.c.h; path = DQAlertView.h; sourceTree = "<group>"; };
		0D7112871D2E518D00FE3A4E /* DQAlertView.m */ = {isa = PBXFileReference; fileEncoding = 4; lastKnownFileType = sourcecode.c.objc; path = DQAlertView.m; sourceTree = "<group>"; };
		0D7112891D2F7F6C00FE3A4E /* ChaZouViewController.h */ = {isa = PBXFileReference; fileEncoding = 4; lastKnownFileType = sourcecode.c.h; path = ChaZouViewController.h; sourceTree = "<group>"; };
		0D71128A1D2F7F6C00FE3A4E /* ChaZouViewController.m */ = {isa = PBXFileReference; fileEncoding = 4; lastKnownFileType = sourcecode.c.objc; path = ChaZouViewController.m; sourceTree = "<group>"; };
		0D71128B1D2F7F6C00FE3A4E /* ChaZouViewController.xib */ = {isa = PBXFileReference; fileEncoding = 4; lastKnownFileType = file.xib; path = ChaZouViewController.xib; sourceTree = "<group>"; };
		0D71128E1D2F918C00FE3A4E /* ConfigViewController.h */ = {isa = PBXFileReference; fileEncoding = 4; lastKnownFileType = sourcecode.c.h; path = ConfigViewController.h; sourceTree = "<group>"; };
		0D71128F1D2F918C00FE3A4E /* ConfigViewController.m */ = {isa = PBXFileReference; fileEncoding = 4; lastKnownFileType = sourcecode.c.objc; path = ConfigViewController.m; sourceTree = "<group>"; };
		0D7112901D2F918C00FE3A4E /* ConfigViewController.xib */ = {isa = PBXFileReference; fileEncoding = 4; lastKnownFileType = file.xib; path = ConfigViewController.xib; sourceTree = "<group>"; };
		0DC842291D20D1FD00B80830 /* LoginTableViewCell.h */ = {isa = PBXFileReference; fileEncoding = 4; lastKnownFileType = sourcecode.c.h; path = LoginTableViewCell.h; sourceTree = "<group>"; };
		0DC8422A1D20D1FD00B80830 /* LoginTableViewCell.m */ = {isa = PBXFileReference; fileEncoding = 4; lastKnownFileType = sourcecode.c.objc; path = LoginTableViewCell.m; sourceTree = "<group>"; };
		0DC8422B1D20D1FD00B80830 /* LoginTableViewCell.xib */ = {isa = PBXFileReference; fileEncoding = 4; lastKnownFileType = file.xib; path = LoginTableViewCell.xib; sourceTree = "<group>"; };
		0DC842311D20D46300B80830 /* UIBarButtonItem+Extension.h */ = {isa = PBXFileReference; fileEncoding = 4; lastKnownFileType = sourcecode.c.h; path = "UIBarButtonItem+Extension.h"; sourceTree = "<group>"; };
		0DC842321D20D46300B80830 /* UIBarButtonItem+Extension.m */ = {isa = PBXFileReference; fileEncoding = 4; lastKnownFileType = sourcecode.c.objc; path = "UIBarButtonItem+Extension.m"; sourceTree = "<group>"; };
		0DC842341D20D49900B80830 /* UIImage+color.h */ = {isa = PBXFileReference; fileEncoding = 4; lastKnownFileType = sourcecode.c.h; path = "UIImage+color.h"; sourceTree = "<group>"; };
		0DC842351D20D49900B80830 /* UIImage+color.m */ = {isa = PBXFileReference; fileEncoding = 4; lastKnownFileType = sourcecode.c.objc; path = "UIImage+color.m"; sourceTree = "<group>"; };
		0DC842381D20D54900B80830 /* TimerButton.h */ = {isa = PBXFileReference; fileEncoding = 4; lastKnownFileType = sourcecode.c.h; path = TimerButton.h; sourceTree = "<group>"; };
		0DC842391D20D54900B80830 /* TimerButton.m */ = {isa = PBXFileReference; fileEncoding = 4; lastKnownFileType = sourcecode.c.objc; path = TimerButton.m; sourceTree = "<group>"; };
		0DC8423F1D21208B00B80830 /* zh-Hans */ = {isa = PBXFileReference; lastKnownFileType = text.plist.strings; name = "zh-Hans"; path = "zh-Hans.lproj/Main.strings"; sourceTree = "<group>"; };
		0DC842401D21208B00B80830 /* zh-Hans */ = {isa = PBXFileReference; lastKnownFileType = text.plist.strings; name = "zh-Hans"; path = "zh-Hans.lproj/LaunchScreen.strings"; sourceTree = "<group>"; };
		0DC842411D21211800B80830 /* LoginFootView.h */ = {isa = PBXFileReference; fileEncoding = 4; lastKnownFileType = sourcecode.c.h; path = LoginFootView.h; sourceTree = "<group>"; };
		0DC842421D21211800B80830 /* LoginFootView.m */ = {isa = PBXFileReference; fileEncoding = 4; lastKnownFileType = sourcecode.c.objc; path = LoginFootView.m; sourceTree = "<group>"; };
		0DC842441D21212500B80830 /* LoginFootView.xib */ = {isa = PBXFileReference; fileEncoding = 4; lastKnownFileType = file.xib; path = LoginFootView.xib; sourceTree = "<group>"; };
		0DC842461D22098B00B80830 /* ForgetViewController.h */ = {isa = PBXFileReference; fileEncoding = 4; lastKnownFileType = sourcecode.c.h; path = ForgetViewController.h; sourceTree = "<group>"; };
		0DC842471D22098B00B80830 /* ForgetViewController.m */ = {isa = PBXFileReference; fileEncoding = 4; lastKnownFileType = sourcecode.c.objc; path = ForgetViewController.m; sourceTree = "<group>"; };
		0DC842481D22098B00B80830 /* ForgetViewController.xib */ = {isa = PBXFileReference; fileEncoding = 4; lastKnownFileType = file.xib; path = ForgetViewController.xib; sourceTree = "<group>"; };
		0DC8424B1D220A3700B80830 /* LoginButtonView.h */ = {isa = PBXFileReference; fileEncoding = 4; lastKnownFileType = sourcecode.c.h; path = LoginButtonView.h; sourceTree = "<group>"; };
		0DC8424C1D220A3700B80830 /* LoginButtonView.m */ = {isa = PBXFileReference; fileEncoding = 4; lastKnownFileType = sourcecode.c.objc; path = LoginButtonView.m; sourceTree = "<group>"; };
		0DC8424E1D220A4100B80830 /* LoginButtonView.xib */ = {isa = PBXFileReference; fileEncoding = 4; lastKnownFileType = file.xib; path = LoginButtonView.xib; sourceTree = "<group>"; };
		0DC842521D22543900B80830 /* Forget2ViewController.h */ = {isa = PBXFileReference; fileEncoding = 4; lastKnownFileType = sourcecode.c.h; path = Forget2ViewController.h; sourceTree = "<group>"; };
		0DC842531D22543900B80830 /* Forget2ViewController.m */ = {isa = PBXFileReference; fileEncoding = 4; lastKnownFileType = sourcecode.c.objc; path = Forget2ViewController.m; sourceTree = "<group>"; };
		0DC842541D22543900B80830 /* Forget2ViewController.xib */ = {isa = PBXFileReference; fileEncoding = 4; lastKnownFileType = file.xib; path = Forget2ViewController.xib; sourceTree = "<group>"; };
		0DC842571D22556000B80830 /* RegisterViewController.h */ = {isa = PBXFileReference; fileEncoding = 4; lastKnownFileType = sourcecode.c.h; path = RegisterViewController.h; sourceTree = "<group>"; };
		0DC842581D22556000B80830 /* RegisterViewController.m */ = {isa = PBXFileReference; fileEncoding = 4; lastKnownFileType = sourcecode.c.objc; path = RegisterViewController.m; sourceTree = "<group>"; };
		0DC842591D22556000B80830 /* RegisterViewController.xib */ = {isa = PBXFileReference; fileEncoding = 4; lastKnownFileType = file.xib; path = RegisterViewController.xib; sourceTree = "<group>"; };
		0DC8425E1D22581A00B80830 /* DHNavigationViewController.h */ = {isa = PBXFileReference; fileEncoding = 4; lastKnownFileType = sourcecode.c.h; path = DHNavigationViewController.h; sourceTree = "<group>"; };
		0DC8425F1D22581A00B80830 /* DHNavigationViewController.m */ = {isa = PBXFileReference; fileEncoding = 4; lastKnownFileType = sourcecode.c.objc; path = DHNavigationViewController.m; sourceTree = "<group>"; };
		0DC842601D22581A00B80830 /* DHTabBarViewController.h */ = {isa = PBXFileReference; fileEncoding = 4; lastKnownFileType = sourcecode.c.h; path = DHTabBarViewController.h; sourceTree = "<group>"; };
		0DC842611D22581A00B80830 /* DHTabBarViewController.m */ = {isa = PBXFileReference; fileEncoding = 4; lastKnownFileType = sourcecode.c.objc; path = DHTabBarViewController.m; sourceTree = "<group>"; };
		0DC8426A1D22581A00B80830 /* DHBadgeButton.h */ = {isa = PBXFileReference; fileEncoding = 4; lastKnownFileType = sourcecode.c.h; path = DHBadgeButton.h; sourceTree = "<group>"; };
		0DC8426B1D22581A00B80830 /* DHBadgeButton.m */ = {isa = PBXFileReference; fileEncoding = 4; lastKnownFileType = sourcecode.c.objc; path = DHBadgeButton.m; sourceTree = "<group>"; };
		0DC8426C1D22581A00B80830 /* DHTabBar.h */ = {isa = PBXFileReference; fileEncoding = 4; lastKnownFileType = sourcecode.c.h; path = DHTabBar.h; sourceTree = "<group>"; };
		0DC8426D1D22581A00B80830 /* DHTabBar.m */ = {isa = PBXFileReference; fileEncoding = 4; lastKnownFileType = sourcecode.c.objc; path = DHTabBar.m; sourceTree = "<group>"; };
		0DC8426E1D22581A00B80830 /* DHTabBarButton.h */ = {isa = PBXFileReference; fileEncoding = 4; lastKnownFileType = sourcecode.c.h; path = DHTabBarButton.h; sourceTree = "<group>"; };
		0DC8426F1D22581A00B80830 /* DHTabBarButton.m */ = {isa = PBXFileReference; fileEncoding = 4; lastKnownFileType = sourcecode.c.objc; path = DHTabBarButton.m; sourceTree = "<group>"; };
		0DC8427B1D2258AE00B80830 /* DevicesViewController.h */ = {isa = PBXFileReference; fileEncoding = 4; lastKnownFileType = sourcecode.c.h; path = DevicesViewController.h; sourceTree = "<group>"; };
		0DC8427C1D2258AE00B80830 /* DevicesViewController.m */ = {isa = PBXFileReference; fileEncoding = 4; lastKnownFileType = sourcecode.c.objc; path = DevicesViewController.m; sourceTree = "<group>"; };
		0DC8427D1D2258AE00B80830 /* DevicesViewController.xib */ = {isa = PBXFileReference; fileEncoding = 4; lastKnownFileType = file.xib; path = DevicesViewController.xib; sourceTree = "<group>"; };
		0DC842801D2258BB00B80830 /* SettingViewController.h */ = {isa = PBXFileReference; fileEncoding = 4; lastKnownFileType = sourcecode.c.h; path = SettingViewController.h; sourceTree = "<group>"; };
		0DC842811D2258BB00B80830 /* SettingViewController.m */ = {isa = PBXFileReference; fileEncoding = 4; lastKnownFileType = sourcecode.c.objc; path = SettingViewController.m; sourceTree = "<group>"; };
		0DC842821D2258BB00B80830 /* SettingViewController.xib */ = {isa = PBXFileReference; fileEncoding = 4; lastKnownFileType = file.xib; path = SettingViewController.xib; sourceTree = "<group>"; };
		0DC842851D2258C600B80830 /* AboutViewController.h */ = {isa = PBXFileReference; fileEncoding = 4; lastKnownFileType = sourcecode.c.h; path = AboutViewController.h; sourceTree = "<group>"; };
		0DC842861D2258C600B80830 /* AboutViewController.m */ = {isa = PBXFileReference; fileEncoding = 4; lastKnownFileType = sourcecode.c.objc; path = AboutViewController.m; sourceTree = "<group>"; };
		0DC842871D2258C600B80830 /* AboutViewController.xib */ = {isa = PBXFileReference; fileEncoding = 4; lastKnownFileType = file.xib; path = AboutViewController.xib; sourceTree = "<group>"; };
		0DC8428A1D225A7300B80830 /* UIImage+MJ.h */ = {isa = PBXFileReference; fileEncoding = 4; lastKnownFileType = sourcecode.c.h; path = "UIImage+MJ.h"; sourceTree = "<group>"; };
		0DC8428B1D225A7300B80830 /* UIImage+MJ.m */ = {isa = PBXFileReference; fileEncoding = 4; lastKnownFileType = sourcecode.c.objc; path = "UIImage+MJ.m"; sourceTree = "<group>"; };
		0DC8428E1D22726300B80830 /* PersonInfoTableViewCell.h */ = {isa = PBXFileReference; fileEncoding = 4; lastKnownFileType = sourcecode.c.h; path = PersonInfoTableViewCell.h; sourceTree = "<group>"; };
		0DC8428F1D22726300B80830 /* PersonInfoTableViewCell.m */ = {isa = PBXFileReference; fileEncoding = 4; lastKnownFileType = sourcecode.c.objc; path = PersonInfoTableViewCell.m; sourceTree = "<group>"; };
		0DC842901D22726300B80830 /* PersonInfoTableViewCell.xib */ = {isa = PBXFileReference; fileEncoding = 4; lastKnownFileType = file.xib; path = PersonInfoTableViewCell.xib; sourceTree = "<group>"; };
		0DF320ED1D17C3C800B9BB67 /* HHNUtility+app.m */ = {isa = PBXFileReference; fileEncoding = 4; lastKnownFileType = sourcecode.c.objc; path = "HHNUtility+app.m"; sourceTree = "<group>"; };
		0DF320EE1D17C3C800B9BB67 /* HHNUtility+Device.m */ = {isa = PBXFileReference; fileEncoding = 4; lastKnownFileType = sourcecode.c.objc; path = "HHNUtility+Device.m"; sourceTree = "<group>"; };
		0DF320EF1D17C3C800B9BB67 /* HHNUtility+Locale.m */ = {isa = PBXFileReference; fileEncoding = 4; lastKnownFileType = sourcecode.c.objc; path = "HHNUtility+Locale.m"; sourceTree = "<group>"; };
		0DF320F01D17C3C800B9BB67 /* HHNUtility.h */ = {isa = PBXFileReference; fileEncoding = 4; lastKnownFileType = sourcecode.c.h; path = HHNUtility.h; sourceTree = "<group>"; };
		0DF320F11D17C3C800B9BB67 /* HHNUtility.m */ = {isa = PBXFileReference; fileEncoding = 4; lastKnownFileType = sourcecode.c.objc; path = HHNUtility.m; sourceTree = "<group>"; };
		0DF320F61D17C41900B9BB67 /* NSString+extension.h */ = {isa = PBXFileReference; fileEncoding = 4; lastKnownFileType = sourcecode.c.h; path = "NSString+extension.h"; sourceTree = "<group>"; };
		0DF320F71D17C41900B9BB67 /* NSString+extension.m */ = {isa = PBXFileReference; fileEncoding = 4; lastKnownFileType = sourcecode.c.objc; path = "NSString+extension.m"; sourceTree = "<group>"; };
		0DF320FA1D17C5A600B9BB67 /* YTKUrlArgumentsFilter.h */ = {isa = PBXFileReference; fileEncoding = 4; lastKnownFileType = sourcecode.c.h; path = YTKUrlArgumentsFilter.h; sourceTree = "<group>"; };
		0DF320FB1D17C5A600B9BB67 /* YTKUrlArgumentsFilter.m */ = {isa = PBXFileReference; fileEncoding = 4; lastKnownFileType = sourcecode.c.objc; path = YTKUrlArgumentsFilter.m; sourceTree = "<group>"; };
		5C259D341D379271005B0D21 /* WBTVViewController.h */ = {isa = PBXFileReference; fileEncoding = 4; lastKnownFileType = sourcecode.c.h; path = WBTVViewController.h; sourceTree = "<group>"; };
		5C259D351D379271005B0D21 /* WBTVViewController.m */ = {isa = PBXFileReference; fileEncoding = 4; lastKnownFileType = sourcecode.c.objc; path = WBTVViewController.m; sourceTree = "<group>"; };
		5C259D361D379271005B0D21 /* WBTVViewController.xib */ = {isa = PBXFileReference; fileEncoding = 4; lastKnownFileType = file.xib; path = WBTVViewController.xib; sourceTree = "<group>"; };
		5C259D3B1D3796FA005B0D21 /* AutoCodingObject.h */ = {isa = PBXFileReference; fileEncoding = 4; lastKnownFileType = sourcecode.c.h; path = AutoCodingObject.h; sourceTree = "<group>"; };
		5C259D3C1D3796FA005B0D21 /* AutoCodingObject.m */ = {isa = PBXFileReference; fileEncoding = 4; lastKnownFileType = sourcecode.c.objc; path = AutoCodingObject.m; sourceTree = "<group>"; };
		5C259D3D1D3796FA005B0D21 /* YDVCPickerViewController.h */ = {isa = PBXFileReference; fileEncoding = 4; lastKnownFileType = sourcecode.c.h; path = YDVCPickerViewController.h; sourceTree = "<group>"; };
		5C259D3E1D3796FA005B0D21 /* YDVCPickerViewController.m */ = {isa = PBXFileReference; fileEncoding = 4; lastKnownFileType = sourcecode.c.objc; path = YDVCPickerViewController.m; sourceTree = "<group>"; };
		5C5004D11D3A2CAB002D04F8 /* WBAppleControlViewController.h */ = {isa = PBXFileReference; fileEncoding = 4; lastKnownFileType = sourcecode.c.h; path = WBAppleControlViewController.h; sourceTree = "<group>"; };
		5C5004D21D3A2CAB002D04F8 /* WBAppleControlViewController.m */ = {isa = PBXFileReference; fileEncoding = 4; lastKnownFileType = sourcecode.c.objc; path = WBAppleControlViewController.m; sourceTree = "<group>"; };
		5C5004D31D3A2CAB002D04F8 /* WBAppleControlViewController.xib */ = {isa = PBXFileReference; fileEncoding = 4; lastKnownFileType = file.xib; path = WBAppleControlViewController.xib; sourceTree = "<group>"; };
		5C5004D61D3A2F71002D04F8 /* WBXiaoMiControlViewController.h */ = {isa = PBXFileReference; fileEncoding = 4; lastKnownFileType = sourcecode.c.h; path = WBXiaoMiControlViewController.h; sourceTree = "<group>"; };
		5C5004D71D3A2F71002D04F8 /* WBXiaoMiControlViewController.m */ = {isa = PBXFileReference; fileEncoding = 4; lastKnownFileType = sourcecode.c.objc; path = WBXiaoMiControlViewController.m; sourceTree = "<group>"; };
		5C5004D81D3A2F71002D04F8 /* WBXiaoMiControlViewController.xib */ = {isa = PBXFileReference; fileEncoding = 4; lastKnownFileType = file.xib; path = WBXiaoMiControlViewController.xib; sourceTree = "<group>"; };
		5C88835F1D3CBAF600DD1F68 /* WBSoundViewController.h */ = {isa = PBXFileReference; fileEncoding = 4; lastKnownFileType = sourcecode.c.h; path = WBSoundViewController.h; sourceTree = "<group>"; };
		5C8883601D3CBAF600DD1F68 /* WBSoundViewController.m */ = {isa = PBXFileReference; fileEncoding = 4; lastKnownFileType = sourcecode.c.objc; path = WBSoundViewController.m; sourceTree = "<group>"; };
		5C8883611D3CBAF600DD1F68 /* WBSoundViewController.xib */ = {isa = PBXFileReference; fileEncoding = 4; lastKnownFileType = file.xib; path = WBSoundViewController.xib; sourceTree = "<group>"; };
		5CF0C9A71D38CC4800312BE0 /* WBDVDViewController.h */ = {isa = PBXFileReference; fileEncoding = 4; lastKnownFileType = sourcecode.c.h; path = WBDVDViewController.h; sourceTree = "<group>"; };
		5CF0C9A81D38CC4800312BE0 /* WBDVDViewController.m */ = {isa = PBXFileReference; fileEncoding = 4; lastKnownFileType = sourcecode.c.objc; path = WBDVDViewController.m; sourceTree = "<group>"; };
		5CF0C9A91D38CC4800312BE0 /* WBDVDViewController.xib */ = {isa = PBXFileReference; fileEncoding = 4; lastKnownFileType = file.xib; path = WBDVDViewController.xib; sourceTree = "<group>"; };
		5CF0C9AC1D38D13B00312BE0 /* WBAirConditionerViewController.h */ = {isa = PBXFileReference; fileEncoding = 4; lastKnownFileType = sourcecode.c.h; path = WBAirConditionerViewController.h; sourceTree = "<group>"; };
		5CF0C9AD1D38D13B00312BE0 /* WBAirConditionerViewController.m */ = {isa = PBXFileReference; fileEncoding = 4; lastKnownFileType = sourcecode.c.objc; path = WBAirConditionerViewController.m; sourceTree = "<group>"; };
		5CF0C9AE1D38D13B00312BE0 /* WBAirConditionerViewController.xib */ = {isa = PBXFileReference; fileEncoding = 4; lastKnownFileType = file.xib; path = WBAirConditionerViewController.xib; sourceTree = "<group>"; };
		71BCFD2D5CE3D5F91D86B499 /* Pods.debug.xcconfig */ = {isa = PBXFileReference; includeInIndex = 1; lastKnownFileType = text.xcconfig; name = Pods.debug.xcconfig; path = "Pods/Target Support Files/Pods/Pods.debug.xcconfig"; sourceTree = "<group>"; };
		8AA0C155551DF71DFA442400 /* libPods.a */ = {isa = PBXFileReference; explicitFileType = archive.ar; includeInIndex = 0; path = libPods.a; sourceTree = BUILT_PRODUCTS_DIR; };
		C403D67C21C0A4647D55D2D3 /* Pods.release.xcconfig */ = {isa = PBXFileReference; includeInIndex = 1; lastKnownFileType = text.xcconfig; name = Pods.release.xcconfig; path = "Pods/Target Support Files/Pods/Pods.release.xcconfig"; sourceTree = "<group>"; };
/* End PBXFileReference section */

/* Begin PBXFrameworksBuildPhase section */
		0D2DA3531D051497005609D2 /* Frameworks */ = {
			isa = PBXFrameworksBuildPhase;
			buildActionMask = 2147483647;
			files = (
				0D2DA3A11D057140005609D2 /* libz.tbd in Frameworks */,
				0D2DA3741D051BDC005609D2 /* FogCloud.framework in Frameworks */,
				0D2DA3751D051BDC005609D2 /* libEasyLink.a in Frameworks */,
				15A5A6E55F86D40DD7B00B98 /* libPods.a in Frameworks */,
			);
			runOnlyForDeploymentPostprocessing = 0;
		};
/* End PBXFrameworksBuildPhase section */

/* Begin PBXGroup section */
		0D1100001D18C88E004CF6D2 /* Views */ = {
			isa = PBXGroup;
			children = (
				0DC842411D21211800B80830 /* LoginFootView.h */,
				0DC842421D21211800B80830 /* LoginFootView.m */,
				0DC842441D21212500B80830 /* LoginFootView.xib */,
				0DC8424B1D220A3700B80830 /* LoginButtonView.h */,
				0DC8424C1D220A3700B80830 /* LoginButtonView.m */,
				0DC8424E1D220A4100B80830 /* LoginButtonView.xib */,
			);
			path = Views;
			sourceTree = "<group>";
		};
		0D11FFFE1D18C88E004CF6D2 /* Cells */ = {
			isa = PBXGroup;
			children = (
				0DC842291D20D1FD00B80830 /* LoginTableViewCell.h */,
				0DC8422A1D20D1FD00B80830 /* LoginTableViewCell.m */,
				0DC8422B1D20D1FD00B80830 /* LoginTableViewCell.xib */,
			);
			path = Cells;
			sourceTree = "<group>";
		};
		0D11FFFF1D18C88E004CF6D2 /* UiViewControllers */ = {
			isa = PBXGroup;
			children = (
				0D1100041D18C8E9004CF6D2 /* LoginViewController.h */,
				0D1100051D18C8E9004CF6D2 /* LoginViewController.m */,
				0D1100061D18C8E9004CF6D2 /* LoginViewController.xib */,
				0DC842461D22098B00B80830 /* ForgetViewController.h */,
				0DC842471D22098B00B80830 /* ForgetViewController.m */,
				0DC842481D22098B00B80830 /* ForgetViewController.xib */,
				0DC842521D22543900B80830 /* Forget2ViewController.h */,
				0DC842531D22543900B80830 /* Forget2ViewController.m */,
				0DC842541D22543900B80830 /* Forget2ViewController.xib */,
				0DC842571D22556000B80830 /* RegisterViewController.h */,
				0DC842581D22556000B80830 /* RegisterViewController.m */,
				0DC842591D22556000B80830 /* RegisterViewController.xib */,
			);
			path = UiViewControllers;
			sourceTree = "<group>";
		};
		0D2DA34D1D051497005609D2 = {
			isa = PBXGroup;
			children = (
				0D2DA3701D051BDC005609D2 /* FogCloud */,
				0D2DA3581D051497005609D2 /* WB */,
				0D2DA3571D051497005609D2 /* Products */,
				8EA6A5B8A888B33FBB7D785B /* Pods */,
				90842C95F065CB038CAC5661 /* Frameworks */,
			);
			sourceTree = "<group>";
		};
		0D2DA3571D051497005609D2 /* Products */ = {
			isa = PBXGroup;
			children = (
				0D2DA3561D051497005609D2 /* WB.app */,
			);
			name = Products;
			sourceTree = "<group>";
		};
		0D2DA3581D051497005609D2 /* WB */ = {
			isa = PBXGroup;
			children = (
				5C259D391D3796FA005B0D21 /* Tools */,
				0D7112841D2E518300FE3A4E /* 3rd */,
				0DC8427A1D22589F00B80830 /* About */,
				0DC842791D22589400B80830 /* Setting */,
				0DC842781D22588700B80830 /* Device */,
				0DC8425C1D22581A00B80830 /* Main */,
				0DF320FE1D17C9EB00B9BB67 /* Login */,
				0DF320EB1D17C3BF00B9BB67 /* Assistat */,
				0D2DA3841D055A8A005609D2 /* NetWork */,
				0D2DA37B1D054B6E005609D2 /* Assistant */,
				0D2DA3771D052364005609D2 /* category */,
				0D2DA35C1D051497005609D2 /* AppDelegate.h */,
				0D2DA35D1D051497005609D2 /* AppDelegate.mm */,
				0D1100011D18C8AD004CF6D2 /* BaseViewController.h */,
				0D1100021D18C8AD004CF6D2 /* BaseViewController.m */,
				0D2DA35F1D051497005609D2 /* ViewController.h */,
				0D2DA3601D051497005609D2 /* ViewController.m */,
				0D2DA3621D051497005609D2 /* Main.storyboard */,
				0D2DA3651D051498005609D2 /* Assets.xcassets */,
				0D2DA3671D051498005609D2 /* LaunchScreen.storyboard */,
				0D2DA36A1D051498005609D2 /* Info.plist */,
				0D2DA3591D051497005609D2 /* Supporting Files */,
			);
			path = WB;
			sourceTree = "<group>";
		};
		0D2DA3591D051497005609D2 /* Supporting Files */ = {
			isa = PBXGroup;
			children = (
				0D2DA35A1D051497005609D2 /* main.m */,
				0D2DA3811D0550BE005609D2 /* PrefixHeader.pch */,
			);
			name = "Supporting Files";
			sourceTree = "<group>";
		};
		0D2DA3701D051BDC005609D2 /* FogCloud */ = {
			isa = PBXGroup;
			children = (
				0D2DA3711D051BDC005609D2 /* FogCloud.framework */,
				0D2DA3721D051BDC005609D2 /* libEasyLink.a */,
				0D2DA3731D051BDC005609D2 /* Others.bundle */,
			);
			path = FogCloud;
			sourceTree = "<group>";
		};
		0D2DA3771D052364005609D2 /* category */ = {
			isa = PBXGroup;
			children = (
				0DC8428A1D225A7300B80830 /* UIImage+MJ.h */,
				0DC8428B1D225A7300B80830 /* UIImage+MJ.m */,
				0DC842341D20D49900B80830 /* UIImage+color.h */,
				0DC842351D20D49900B80830 /* UIImage+color.m */,
				0DC842311D20D46300B80830 /* UIBarButtonItem+Extension.h */,
				0DC842321D20D46300B80830 /* UIBarButtonItem+Extension.m */,
				0DF320F61D17C41900B9BB67 /* NSString+extension.h */,
				0DF320F71D17C41900B9BB67 /* NSString+extension.m */,
				0D2DA3781D05236E005609D2 /* UIViewController+HUD.h */,
				0D2DA3791D05236E005609D2 /* UIViewController+HUD.m */,
			);
			path = category;
			sourceTree = "<group>";
		};
		0D2DA37B1D054B6E005609D2 /* Assistant */ = {
			isa = PBXGroup;
			children = (
				0DC842371D20D54900B80830 /* TimeButton */,
				0DF320F91D17C5A600B9BB67 /* YTK */,
				0D2DA39C1D055C56005609D2 /* Zip */,
				0D2DA3921D055C2D005609D2 /* Logger */,
				0D2DA38E1D055B45005609D2 /* File */,
				0D2DA37D1D054B96005609D2 /* Constant.h */,
				0D11FFFD1D18C82A004CF6D2 /* Mac.h */,
			);
			path = Assistant;
			sourceTree = "<group>";
		};
		0D2DA3841D055A8A005609D2 /* NetWork */ = {
			isa = PBXGroup;
			children = (
				0D2DA3A91D06A3EF005609D2 /* User-Device-Service */,
				0D2DA3A81D06A3B5005609D2 /* DeviceService */,
				0D2DA3A71D066021005609D2 /* UserService */,
				0D2DA38B1D055AD8005609D2 /* CommonServiceCenter.h */,
				0D2DA38C1D055AD8005609D2 /* CommonServiceCenter.m */,
				0D2DA3851D055AA3005609D2 /* CoreFactory.h */,
				0D2DA3861D055AA3005609D2 /* CoreFactory.m */,
				0D2DA3871D055AA3005609D2 /* CoreManager.h */,
				0D2DA3881D055AA3005609D2 /* CoreManager.m */,
			);
			path = NetWork;
			sourceTree = "<group>";
		};
		0D2DA38E1D055B45005609D2 /* File */ = {
			isa = PBXGroup;
			children = (
				0D2DA38F1D055B45005609D2 /* CommonFileUtils.h */,
				0D2DA3901D055B45005609D2 /* CommonFileUtils.m */,
			);
			path = File;
			sourceTree = "<group>";
		};
		0D2DA3921D055C2D005609D2 /* Logger */ = {
			isa = PBXGroup;
			children = (
				0D2DA3931D055C2D005609D2 /* LogDefine.h */,
				0D2DA3941D055C2D005609D2 /* LogDefine.m */,
				0D2DA3951D055C2D005609D2 /* Logger.h */,
				0D2DA3961D055C2D005609D2 /* Logger.m */,
				0D2DA3971D055C2D005609D2 /* LoggerUtil.h */,
				0D2DA3981D055C2D005609D2 /* LoggerUtil.m */,
			);
			path = Logger;
			sourceTree = "<group>";
		};
		0D2DA39C1D055C56005609D2 /* Zip */ = {
			isa = PBXGroup;
			children = (
				0D2DA39D1D055C56005609D2 /* ZipUtil.h */,
				0D2DA39E1D055C56005609D2 /* ZipUtil.m */,
			);
			path = Zip;
			sourceTree = "<group>";
		};
		0D2DA3A71D066021005609D2 /* UserService */ = {
			isa = PBXGroup;
			children = (
				0D58BDF51D0E4C6F0015D636 /* UserServiceProtocol.h */,
				0D58BDF61D0E4CB80015D636 /* UserService.h */,
				0D58BDF71D0E4CB80015D636 /* UserService.m */,
			);
			name = UserService;
			path = LoginService;
			sourceTree = "<group>";
		};
		0D2DA3A81D06A3B5005609D2 /* DeviceService */ = {
			isa = PBXGroup;
			children = (
				0D58BDF91D0E4DA10015D636 /* DeviceServiceProtocol.h */,
				0D58BDFA1D0E4DB40015D636 /* DeviceService.h */,
				0D58BDFB1D0E4DB40015D636 /* DeviceService.m */,
			);
			path = DeviceService;
			sourceTree = "<group>";
		};
		0D2DA3A91D06A3EF005609D2 /* User-Device-Service */ = {
			isa = PBXGroup;
			children = (
				0D58BDFD1D0E4E050015D636 /* UserDeviceServiceProtocol.h */,
				0D58BDFE1D0E4E410015D636 /* UserDeviceService.h */,
				0D58BDFF1D0E4E410015D636 /* UserDeviceService.m */,
			);
			path = "User-Device-Service";
			sourceTree = "<group>";
		};
		0D7112201D29FC7900FE3A4E /* Cells */ = {
			isa = PBXGroup;
			children = (
				0D7112591D2B472800FE3A4E /* DefaultCollectionViewCell.h */,
				0D71125A1D2B472800FE3A4E /* DefaultCollectionViewCell.m */,
				0D71125B1D2B472800FE3A4E /* DefaultCollectionViewCell.xib */,
				0D7112461D2A5AD700FE3A4E /* ProductsCollectionViewCell.h */,
				0D7112471D2A5AD700FE3A4E /* ProductsCollectionViewCell.m */,
				0D7112481D2A5AD700FE3A4E /* ProductsCollectionViewCell.xib */,
				0D7112211D29FCE800FE3A4E /* SettingItemTableViewCell.h */,
				0D7112221D29FCE800FE3A4E /* SettingItemTableViewCell.m */,
				0D7112231D29FCE800FE3A4E /* SettingItemTableViewCell.xib */,
				0D7112351D2A3FD800FE3A4E /* ItemTableViewCell.h */,
				0D7112361D2A3FD800FE3A4E /* ItemTableViewCell.m */,
				0D7112371D2A3FD800FE3A4E /* ItemTableViewCell.xib */,
				0D7112501D2A5BAD00FE3A4E /* ItemAddTableViewCell.h */,
				0D7112511D2A5BAD00FE3A4E /* ItemAddTableViewCell.m */,
				0D7112521D2A5BAD00FE3A4E /* ItemAddTableViewCell.xib */,
			);
			path = Cells;
			sourceTree = "<group>";
		};
		0D7112551D2A5BE800FE3A4E /* Views */ = {
			isa = PBXGroup;
			children = (
				0D7112561D2A5BF600FE3A4E /* IndexCollectionView.h */,
				0D7112571D2A5BF600FE3A4E /* IndexCollectionView.m */,
			);
			path = Views;
			sourceTree = "<group>";
		};
		0D7112741D2DF77300FE3A4E /* Views */ = {
			isa = PBXGroup;
			children = (
				0D7112751D2DF78A00FE3A4E /* AddSiteHeadView.h */,
				0D7112761D2DF78A00FE3A4E /* AddSiteHeadView.m */,
				0D7112781D2DF79F00FE3A4E /* AddSiteHeadView.xib */,
				0D71127F1D2E369600FE3A4E /* TableViewFootView.h */,
				0D7112801D2E369600FE3A4E /* TableViewFootView.m */,
				0D7112821D2E36A000FE3A4E /* TableViewFootView.xib */,
			);
			path = Views;
			sourceTree = "<group>";
		};
		0D7112841D2E518300FE3A4E /* 3rd */ = {
			isa = PBXGroup;
			children = (
				0D7112851D2E518D00FE3A4E /* DQAlertView */,
			);
			path = 3rd;
			sourceTree = "<group>";
		};
		0D7112851D2E518D00FE3A4E /* DQAlertView */ = {
			isa = PBXGroup;
			children = (
				0D7112861D2E518D00FE3A4E /* DQAlertView.h */,
				0D7112871D2E518D00FE3A4E /* DQAlertView.m */,
			);
			path = DQAlertView;
			sourceTree = "<group>";
		};
		0DC842371D20D54900B80830 /* TimeButton */ = {
			isa = PBXGroup;
			children = (
				0DC842381D20D54900B80830 /* TimerButton.h */,
				0DC842391D20D54900B80830 /* TimerButton.m */,
			);
			path = TimeButton;
			sourceTree = "<group>";
		};
		0DC8425C1D22581A00B80830 /* Main */ = {
			isa = PBXGroup;
			children = (
				0DC8425D1D22581A00B80830 /* Contoller */,
				0DC842691D22581A00B80830 /* View */,
			);
			path = Main;
			sourceTree = "<group>";
		};
		0DC8425D1D22581A00B80830 /* Contoller */ = {
			isa = PBXGroup;
			children = (
				0DC8425E1D22581A00B80830 /* DHNavigationViewController.h */,
				0DC8425F1D22581A00B80830 /* DHNavigationViewController.m */,
				0DC842601D22581A00B80830 /* DHTabBarViewController.h */,
				0DC842611D22581A00B80830 /* DHTabBarViewController.m */,
			);
			path = Contoller;
			sourceTree = "<group>";
		};
		0DC842691D22581A00B80830 /* View */ = {
			isa = PBXGroup;
			children = (
				0DC8426A1D22581A00B80830 /* DHBadgeButton.h */,
				0DC8426B1D22581A00B80830 /* DHBadgeButton.m */,
				0DC8426C1D22581A00B80830 /* DHTabBar.h */,
				0DC8426D1D22581A00B80830 /* DHTabBar.m */,
				0DC8426E1D22581A00B80830 /* DHTabBarButton.h */,
				0DC8426F1D22581A00B80830 /* DHTabBarButton.m */,
			);
			path = View;
			sourceTree = "<group>";
		};
		0DC842781D22588700B80830 /* Device */ = {
			isa = PBXGroup;
			children = (
				0D7112551D2A5BE800FE3A4E /* Views */,
				0D7112201D29FC7900FE3A4E /* Cells */,
				0DC8427B1D2258AE00B80830 /* DevicesViewController.h */,
				0DC8427C1D2258AE00B80830 /* DevicesViewController.m */,
				0DC8427D1D2258AE00B80830 /* DevicesViewController.xib */,
				0D7112261D2A068300FE3A4E /* YaokongViewController.h */,
				0D7112271D2A068300FE3A4E /* YaokongViewController.m */,
				0D7112281D2A068300FE3A4E /* YaokongViewController.xib */,
				0D71122B1D2A0B9F00FE3A4E /* WifiViewController.h */,
				0D71122C1D2A0B9F00FE3A4E /* WifiViewController.m */,
				0D71122D1D2A0B9F00FE3A4E /* WifiViewController.xib */,
				0D7112301D2A0E7000FE3A4E /* LoadingViewController.h */,
				0D7112311D2A0E7000FE3A4E /* LoadingViewController.m */,
				0D7112321D2A0E7000FE3A4E /* LoadingViewController.xib */,
				0D71123A1D2A4CE600FE3A4E /* ItemEditViewController.h */,
				0D71123B1D2A4CE600FE3A4E /* ItemEditViewController.m */,
				0D71123C1D2A4CE600FE3A4E /* ItemEditViewController.xib */,
				0D71124B1D2A5B9400FE3A4E /* ItemAddViewController.h */,
				0D71124C1D2A5B9400FE3A4E /* ItemAddViewController.m */,
				0D71124D1D2A5B9400FE3A4E /* ItemAddViewController.xib */,
				0D7112891D2F7F6C00FE3A4E /* ChaZouViewController.h */,
				0D71128A1D2F7F6C00FE3A4E /* ChaZouViewController.m */,
				0D71128B1D2F7F6C00FE3A4E /* ChaZouViewController.xib */,
				0D71128E1D2F918C00FE3A4E /* ConfigViewController.h */,
				0D71128F1D2F918C00FE3A4E /* ConfigViewController.m */,
				0D7112901D2F918C00FE3A4E /* ConfigViewController.xib */,
				5C259D341D379271005B0D21 /* WBTVViewController.h */,
				5C259D351D379271005B0D21 /* WBTVViewController.m */,
				5C259D361D379271005B0D21 /* WBTVViewController.xib */,
				5CF0C9A71D38CC4800312BE0 /* WBDVDViewController.h */,
				5CF0C9A81D38CC4800312BE0 /* WBDVDViewController.m */,
				5CF0C9A91D38CC4800312BE0 /* WBDVDViewController.xib */,
				5CF0C9AC1D38D13B00312BE0 /* WBAirConditionerViewController.h */,
				5CF0C9AD1D38D13B00312BE0 /* WBAirConditionerViewController.m */,
				5CF0C9AE1D38D13B00312BE0 /* WBAirConditionerViewController.xib */,
				5C5004D11D3A2CAB002D04F8 /* WBAppleControlViewController.h */,
				5C5004D21D3A2CAB002D04F8 /* WBAppleControlViewController.m */,
				5C5004D31D3A2CAB002D04F8 /* WBAppleControlViewController.xib */,
				5C5004D61D3A2F71002D04F8 /* WBXiaoMiControlViewController.h */,
				5C5004D71D3A2F71002D04F8 /* WBXiaoMiControlViewController.m */,
				5C5004D81D3A2F71002D04F8 /* WBXiaoMiControlViewController.xib */,
				5C88835F1D3CBAF600DD1F68 /* WBSoundViewController.h */,
				5C8883601D3CBAF600DD1F68 /* WBSoundViewController.m */,
				5C8883611D3CBAF600DD1F68 /* WBSoundViewController.xib */,
			);
			path = Device;
			sourceTree = "<group>";
		};
		0DC842791D22589400B80830 /* Setting */ = {
			isa = PBXGroup;
			children = (
				0D7112741D2DF77300FE3A4E /* Views */,
				0DC8428D1D22725300B80830 /* Cells */,
				0DC842801D2258BB00B80830 /* SettingViewController.h */,
				0DC842811D2258BB00B80830 /* SettingViewController.m */,
				0DC842821D2258BB00B80830 /* SettingViewController.xib */,
				0D71125E1D2B991A00FE3A4E /* AccountViewController.h */,
				0D71125F1D2B991A00FE3A4E /* AccountViewController.m */,
				0D7112601D2B991A00FE3A4E /* AccountViewController.xib */,
				0D7112651D2CA4E700FE3A4E /* ChangePasswordViewController.h */,
				0D7112661D2CA4E700FE3A4E /* ChangePasswordViewController.m */,
				0D7112671D2CA4E700FE3A4E /* ChangePasswordViewController.xib */,
				0D71126A1D2CE13900FE3A4E /* SitComViewController.h */,
				0D71126B1D2CE13900FE3A4E /* SitComViewController.m */,
				0D71126C1D2CE13900FE3A4E /* SitComViewController.xib */,
				0D71126F1D2CEDE700FE3A4E /* AddSitComViewController.h */,
				0D7112701D2CEDE700FE3A4E /* AddSitComViewController.m */,
				0D7112711D2CEDE700FE3A4E /* AddSitComViewController.xib */,
			);
			path = Setting;
			sourceTree = "<group>";
		};
		0DC8427A1D22589F00B80830 /* About */ = {
			isa = PBXGroup;
			children = (
				0DC842851D2258C600B80830 /* AboutViewController.h */,
				0DC842861D2258C600B80830 /* AboutViewController.m */,
				0DC842871D2258C600B80830 /* AboutViewController.xib */,
			);
			path = About;
			sourceTree = "<group>";
		};
		0DC8428D1D22725300B80830 /* Cells */ = {
			isa = PBXGroup;
			children = (
				0DC8428E1D22726300B80830 /* PersonInfoTableViewCell.h */,
				0DC8428F1D22726300B80830 /* PersonInfoTableViewCell.m */,
				0DC842901D22726300B80830 /* PersonInfoTableViewCell.xib */,
				0D71127A1D2E015A00FE3A4E /* TermTableViewCell.h */,
				0D71127B1D2E015A00FE3A4E /* TermTableViewCell.m */,
				0D71127C1D2E015A00FE3A4E /* TermTableViewCell.xib */,
			);
			path = Cells;
			sourceTree = "<group>";
		};
		0DF320EB1D17C3BF00B9BB67 /* Assistat */ = {
			isa = PBXGroup;
			children = (
				0DF320EC1D17C3C800B9BB67 /* Utility */,
			);
			path = Assistat;
			sourceTree = "<group>";
		};
		0DF320EC1D17C3C800B9BB67 /* Utility */ = {
			isa = PBXGroup;
			children = (
				0DF320ED1D17C3C800B9BB67 /* HHNUtility+app.m */,
				0DF320EE1D17C3C800B9BB67 /* HHNUtility+Device.m */,
				0DF320EF1D17C3C800B9BB67 /* HHNUtility+Locale.m */,
				0DF320F01D17C3C800B9BB67 /* HHNUtility.h */,
				0DF320F11D17C3C800B9BB67 /* HHNUtility.m */,
			);
			path = Utility;
			sourceTree = "<group>";
		};
		0DF320F91D17C5A600B9BB67 /* YTK */ = {
			isa = PBXGroup;
			children = (
				0DF320FA1D17C5A600B9BB67 /* YTKUrlArgumentsFilter.h */,
				0DF320FB1D17C5A600B9BB67 /* YTKUrlArgumentsFilter.m */,
			);
			path = YTK;
			sourceTree = "<group>";
		};
		0DF320FE1D17C9EB00B9BB67 /* Login */ = {
			isa = PBXGroup;
			children = (
				0D11FFFE1D18C88E004CF6D2 /* Cells */,
				0D11FFFF1D18C88E004CF6D2 /* UiViewControllers */,
				0D1100001D18C88E004CF6D2 /* Views */,
			);
			path = Login;
			sourceTree = "<group>";
		};
		5C259D391D3796FA005B0D21 /* Tools */ = {
			isa = PBXGroup;
			children = (
				5C259D3A1D3796FA005B0D21 /* TestTool */,
			);
			path = Tools;
			sourceTree = "<group>";
		};
		5C259D3A1D3796FA005B0D21 /* TestTool */ = {
			isa = PBXGroup;
			children = (
				5C259D3B1D3796FA005B0D21 /* AutoCodingObject.h */,
				5C259D3C1D3796FA005B0D21 /* AutoCodingObject.m */,
				5C259D3D1D3796FA005B0D21 /* YDVCPickerViewController.h */,
				5C259D3E1D3796FA005B0D21 /* YDVCPickerViewController.m */,
			);
			path = TestTool;
			sourceTree = "<group>";
		};
		8EA6A5B8A888B33FBB7D785B /* Pods */ = {
			isa = PBXGroup;
			children = (
				71BCFD2D5CE3D5F91D86B499 /* Pods.debug.xcconfig */,
				C403D67C21C0A4647D55D2D3 /* Pods.release.xcconfig */,
			);
			name = Pods;
			sourceTree = "<group>";
		};
		90842C95F065CB038CAC5661 /* Frameworks */ = {
			isa = PBXGroup;
			children = (
				0D2DA3A01D057140005609D2 /* libz.tbd */,
				8AA0C155551DF71DFA442400 /* libPods.a */,
			);
			name = Frameworks;
			sourceTree = "<group>";
		};
/* End PBXGroup section */

/* Begin PBXNativeTarget section */
		0D2DA3551D051497005609D2 /* WB */ = {
			isa = PBXNativeTarget;
			buildConfigurationList = 0D2DA36D1D051498005609D2 /* Build configuration list for PBXNativeTarget "WB" */;
			buildPhases = (
				D00FC32D5A8A02F37E08F2A7 /* Check Pods Manifest.lock */,
				0D2DA3521D051497005609D2 /* Sources */,
				0D2DA3531D051497005609D2 /* Frameworks */,
				0D2DA3541D051497005609D2 /* Resources */,
				BFB93B46B1C40057BFFE1933 /* Embed Pods Frameworks */,
				FB4CF5FC8B22061A7A721462 /* Copy Pods Resources */,
			);
			buildRules = (
			);
			dependencies = (
			);
			name = WB;
			productName = WB;
			productReference = 0D2DA3561D051497005609D2 /* WB.app */;
			productType = "com.apple.product-type.application";
		};
/* End PBXNativeTarget section */

/* Begin PBXProject section */
		0D2DA34E1D051497005609D2 /* Project object */ = {
			isa = PBXProject;
			attributes = {
				LastUpgradeCheck = 0730;
				ORGANIZATIONNAME = Haidi;
				TargetAttributes = {
					0D2DA3551D051497005609D2 = {
						CreatedOnToolsVersion = 7.3;
					};
				};
			};
			buildConfigurationList = 0D2DA3511D051497005609D2 /* Build configuration list for PBXProject "WB" */;
			compatibilityVersion = "Xcode 3.2";
			developmentRegion = English;
			hasScannedForEncodings = 0;
			knownRegions = (
				en,
				Base,
			);
			mainGroup = 0D2DA34D1D051497005609D2;
			productRefGroup = 0D2DA3571D051497005609D2 /* Products */;
			projectDirPath = "";
			projectRoot = "";
			targets = (
				0D2DA3551D051497005609D2 /* WB */,
			);
		};
/* End PBXProject section */

/* Begin PBXResourcesBuildPhase section */
		0D2DA3541D051497005609D2 /* Resources */ = {
			isa = PBXResourcesBuildPhase;
			buildActionMask = 2147483647;
			files = (
				0D71122A1D2A068300FE3A4E /* YaokongViewController.xib in Resources */,
				0D71122F1D2A0B9F00FE3A4E /* WifiViewController.xib in Resources */,
				0DC842921D22726300B80830 /* PersonInfoTableViewCell.xib in Resources */,
				0DC8425B1D22556000B80830 /* RegisterViewController.xib in Resources */,
				0D1100081D18C8E9004CF6D2 /* LoginViewController.xib in Resources */,
				0D71125D1D2B472800FE3A4E /* DefaultCollectionViewCell.xib in Resources */,
				0D2DA3691D051498005609D2 /* LaunchScreen.storyboard in Resources */,
				0D7112691D2CA4E700FE3A4E /* ChangePasswordViewController.xib in Resources */,
				0D71128D1D2F7F6C00FE3A4E /* ChaZouViewController.xib in Resources */,
				0D71127E1D2E015A00FE3A4E /* TermTableViewCell.xib in Resources */,
				5CF0C9B01D38D13B00312BE0 /* WBAirConditionerViewController.xib in Resources */,
				5CF0C9AB1D38CC4800312BE0 /* WBDVDViewController.xib in Resources */,
				0DC842841D2258BB00B80830 /* SettingViewController.xib in Resources */,
				0D71124A1D2A5AD700FE3A4E /* ProductsCollectionViewCell.xib in Resources */,
				0D71124F1D2A5B9400FE3A4E /* ItemAddViewController.xib in Resources */,
				0DC842561D22543900B80830 /* Forget2ViewController.xib in Resources */,
				0D7112391D2A3FD800FE3A4E /* ItemTableViewCell.xib in Resources */,
				5C5004DA1D3A2F71002D04F8 /* WBXiaoMiControlViewController.xib in Resources */,
				0D2DA3661D051498005609D2 /* Assets.xcassets in Resources */,
				0D7112341D2A0E7000FE3A4E /* LoadingViewController.xib in Resources */,
				0DC842451D21212500B80830 /* LoginFootView.xib in Resources */,
				0DC8424F1D220A4100B80830 /* LoginButtonView.xib in Resources */,
				0D7112791D2DF79F00FE3A4E /* AddSiteHeadView.xib in Resources */,
				0D7112731D2CEDE700FE3A4E /* AddSitComViewController.xib in Resources */,
				0D71123E1D2A4CE600FE3A4E /* ItemEditViewController.xib in Resources */,
				5C5004D51D3A2CAB002D04F8 /* WBAppleControlViewController.xib in Resources */,
				0DC842891D2258C600B80830 /* AboutViewController.xib in Resources */,
				5C259D381D379271005B0D21 /* WBTVViewController.xib in Resources */,
				0D71126E1D2CE13900FE3A4E /* SitComViewController.xib in Resources */,
				0DC8422D1D20D1FD00B80830 /* LoginTableViewCell.xib in Resources */,
				0DC8427F1D2258AE00B80830 /* DevicesViewController.xib in Resources */,
				0D7112921D2F918C00FE3A4E /* ConfigViewController.xib in Resources */,
				0D2DA3761D051BDC005609D2 /* Others.bundle in Resources */,
				0D7112251D29FCE800FE3A4E /* SettingItemTableViewCell.xib in Resources */,
				0D7112621D2B991A00FE3A4E /* AccountViewController.xib in Resources */,
				5C8883631D3CBAF600DD1F68 /* WBSoundViewController.xib in Resources */,
				0D7112831D2E36A000FE3A4E /* TableViewFootView.xib in Resources */,
				0D7112541D2A5BAD00FE3A4E /* ItemAddTableViewCell.xib in Resources */,
				0D2DA3641D051497005609D2 /* Main.storyboard in Resources */,
				0DC8424A1D22098B00B80830 /* ForgetViewController.xib in Resources */,
			);
			runOnlyForDeploymentPostprocessing = 0;
		};
/* End PBXResourcesBuildPhase section */

/* Begin PBXShellScriptBuildPhase section */
		BFB93B46B1C40057BFFE1933 /* Embed Pods Frameworks */ = {
			isa = PBXShellScriptBuildPhase;
			buildActionMask = 2147483647;
			files = (
			);
			inputPaths = (
			);
			name = "Embed Pods Frameworks";
			outputPaths = (
			);
			runOnlyForDeploymentPostprocessing = 0;
			shellPath = /bin/sh;
			shellScript = "\"${SRCROOT}/Pods/Target Support Files/Pods/Pods-frameworks.sh\"\n";
			showEnvVarsInLog = 0;
		};
		D00FC32D5A8A02F37E08F2A7 /* Check Pods Manifest.lock */ = {
			isa = PBXShellScriptBuildPhase;
			buildActionMask = 2147483647;
			files = (
			);
			inputPaths = (
			);
			name = "Check Pods Manifest.lock";
			outputPaths = (
			);
			runOnlyForDeploymentPostprocessing = 0;
			shellPath = /bin/sh;
			shellScript = "diff \"${PODS_ROOT}/../Podfile.lock\" \"${PODS_ROOT}/Manifest.lock\" > /dev/null\nif [[ $? != 0 ]] ; then\n    cat << EOM\nerror: The sandbox is not in sync with the Podfile.lock. Run 'pod install' or update your CocoaPods installation.\nEOM\n    exit 1\nfi\n";
			showEnvVarsInLog = 0;
		};
		FB4CF5FC8B22061A7A721462 /* Copy Pods Resources */ = {
			isa = PBXShellScriptBuildPhase;
			buildActionMask = 2147483647;
			files = (
			);
			inputPaths = (
			);
			name = "Copy Pods Resources";
			outputPaths = (
			);
			runOnlyForDeploymentPostprocessing = 0;
			shellPath = /bin/sh;
			shellScript = "\"${SRCROOT}/Pods/Target Support Files/Pods/Pods-resources.sh\"\n";
			showEnvVarsInLog = 0;
		};
/* End PBXShellScriptBuildPhase section */

/* Begin PBXSourcesBuildPhase section */
		0D2DA3521D051497005609D2 /* Sources */ = {
			isa = PBXSourcesBuildPhase;
			buildActionMask = 2147483647;
			files = (
				0D2DA38A1D055AA3005609D2 /* CoreManager.m in Sources */,
				0D7112291D2A068300FE3A4E /* YaokongViewController.m in Sources */,
				0DC842491D22098B00B80830 /* ForgetViewController.m in Sources */,
				0DC842831D2258BB00B80830 /* SettingViewController.m in Sources */,
				0DC8423A1D20D54900B80830 /* TimerButton.m in Sources */,
				0D1100071D18C8E9004CF6D2 /* LoginViewController.m in Sources */,
				0DC842361D20D49900B80830 /* UIImage+color.m in Sources */,
				0DC842911D22726300B80830 /* PersonInfoTableViewCell.m in Sources */,
				0D7112681D2CA4E700FE3A4E /* ChangePasswordViewController.m in Sources */,
				0DF320F41D17C3C800B9BB67 /* HHNUtility+Locale.m in Sources */,
				0DC8422C1D20D1FD00B80830 /* LoginTableViewCell.m in Sources */,
				0D58BE001D0E4E410015D636 /* UserDeviceService.m in Sources */,
				0DC8427E1D2258AE00B80830 /* DevicesViewController.m in Sources */,
				0D71127D1D2E015A00FE3A4E /* TermTableViewCell.m in Sources */,
				0D7112721D2CEDE700FE3A4E /* AddSitComViewController.m in Sources */,
				0D2DA3891D055AA3005609D2 /* CoreFactory.m in Sources */,
				0DC842551D22543900B80830 /* Forget2ViewController.m in Sources */,
				0D7112491D2A5AD700FE3A4E /* ProductsCollectionViewCell.m in Sources */,
				5CF0C9AF1D38D13B00312BE0 /* WBAirConditionerViewController.m in Sources */,
				5C8883621D3CBAF600DD1F68 /* WBSoundViewController.m in Sources */,
				0D71124E1D2A5B9400FE3A4E /* ItemAddViewController.m in Sources */,
				0D7112911D2F918C00FE3A4E /* ConfigViewController.m in Sources */,
				0D2DA3611D051497005609D2 /* ViewController.m in Sources */,
				0D7112811D2E369600FE3A4E /* TableViewFootView.m in Sources */,
				5C259D371D379271005B0D21 /* WBTVViewController.m in Sources */,
				5C5004D91D3A2F71002D04F8 /* WBXiaoMiControlViewController.m in Sources */,
				0D7112331D2A0E7000FE3A4E /* LoadingViewController.m in Sources */,
				5C259D401D3796FA005B0D21 /* YDVCPickerViewController.m in Sources */,
				0DC842431D21211800B80830 /* LoginFootView.m in Sources */,
				0DF320F51D17C3C800B9BB67 /* HHNUtility.m in Sources */,
				0D7112531D2A5BAD00FE3A4E /* ItemAddTableViewCell.m in Sources */,
				0D7112881D2E518D00FE3A4E /* DQAlertView.m in Sources */,
				0D71128C1D2F7F6C00FE3A4E /* ChaZouViewController.m in Sources */,
				5C259D3F1D3796FA005B0D21 /* AutoCodingObject.m in Sources */,
				0D2DA39B1D055C2D005609D2 /* LoggerUtil.m in Sources */,
				5C5004D41D3A2CAB002D04F8 /* WBAppleControlViewController.m in Sources */,
				0D71126D1D2CE13900FE3A4E /* SitComViewController.m in Sources */,
				0D7112611D2B991A00FE3A4E /* AccountViewController.m in Sources */,
				0D7112241D29FCE800FE3A4E /* SettingItemTableViewCell.m in Sources */,
				0DC842331D20D46300B80830 /* UIBarButtonItem+Extension.m in Sources */,
				0D71122E1D2A0B9F00FE3A4E /* WifiViewController.m in Sources */,
				0DC842701D22581A00B80830 /* DHNavigationViewController.m in Sources */,
				0D71123D1D2A4CE600FE3A4E /* ItemEditViewController.m in Sources */,
				0D7112581D2A5BF600FE3A4E /* IndexCollectionView.m in Sources */,
				0DF320F31D17C3C800B9BB67 /* HHNUtility+Device.m in Sources */,
				0D2DA38D1D055AD8005609D2 /* CommonServiceCenter.m in Sources */,
				0DC842711D22581A00B80830 /* DHTabBarViewController.m in Sources */,
				0D2DA39F1D055C56005609D2 /* ZipUtil.m in Sources */,
				0D58BDF81D0E4CB80015D636 /* UserService.m in Sources */,
				0D2DA35E1D051497005609D2 /* AppDelegate.mm in Sources */,
				5CF0C9AA1D38CC4800312BE0 /* WBDVDViewController.m in Sources */,
				0DF320FC1D17C5A600B9BB67 /* YTKUrlArgumentsFilter.m in Sources */,
				0DC8425A1D22556000B80830 /* RegisterViewController.m in Sources */,
				0DC8428C1D225A7300B80830 /* UIImage+MJ.m in Sources */,
				0DC842881D2258C600B80830 /* AboutViewController.m in Sources */,
				0D1100031D18C8AD004CF6D2 /* BaseViewController.m in Sources */,
				0DF320F21D17C3C800B9BB67 /* HHNUtility+app.m in Sources */,
				0DC842771D22581A00B80830 /* DHTabBarButton.m in Sources */,
				0D2DA3991D055C2D005609D2 /* LogDefine.m in Sources */,
				0DC842751D22581A00B80830 /* DHBadgeButton.m in Sources */,
				0DC8424D1D220A3700B80830 /* LoginButtonView.m in Sources */,
				0D2DA37A1D05236E005609D2 /* UIViewController+HUD.m in Sources */,
				0D71125C1D2B472800FE3A4E /* DefaultCollectionViewCell.m in Sources */,
				0DF320F81D17C41900B9BB67 /* NSString+extension.m in Sources */,
				0D2DA3911D055B45005609D2 /* CommonFileUtils.m in Sources */,
				0D2DA35B1D051497005609D2 /* main.m in Sources */,
				0DC842761D22581A00B80830 /* DHTabBar.m in Sources */,
				0D2DA39A1D055C2D005609D2 /* Logger.m in Sources */,
				0D7112771D2DF78A00FE3A4E /* AddSiteHeadView.m in Sources */,
				0D7112381D2A3FD800FE3A4E /* ItemTableViewCell.m in Sources */,
				0D58BDFC1D0E4DB40015D636 /* DeviceService.m in Sources */,
			);
			runOnlyForDeploymentPostprocessing = 0;
		};
/* End PBXSourcesBuildPhase section */

/* Begin PBXVariantGroup section */
		0D2DA3621D051497005609D2 /* Main.storyboard */ = {
			isa = PBXVariantGroup;
			children = (
				0D2DA3631D051497005609D2 /* Base */,
				0DC8423F1D21208B00B80830 /* zh-Hans */,
			);
			name = Main.storyboard;
			sourceTree = "<group>";
		};
		0D2DA3671D051498005609D2 /* LaunchScreen.storyboard */ = {
			isa = PBXVariantGroup;
			children = (
				0D2DA3681D051498005609D2 /* Base */,
				0DC842401D21208B00B80830 /* zh-Hans */,
			);
			name = LaunchScreen.storyboard;
			sourceTree = "<group>";
		};
/* End PBXVariantGroup section */

/* Begin XCBuildConfiguration section */
		0D2DA36B1D051498005609D2 /* Debug */ = {
			isa = XCBuildConfiguration;
			buildSettings = {
				ALWAYS_SEARCH_USER_PATHS = NO;
				CLANG_ANALYZER_NONNULL = YES;
				CLANG_CXX_LANGUAGE_STANDARD = "gnu++0x";
				CLANG_CXX_LIBRARY = "libc++";
				CLANG_ENABLE_MODULES = YES;
				CLANG_ENABLE_OBJC_ARC = YES;
				CLANG_WARN_BOOL_CONVERSION = YES;
				CLANG_WARN_CONSTANT_CONVERSION = YES;
				CLANG_WARN_DIRECT_OBJC_ISA_USAGE = YES_ERROR;
				CLANG_WARN_EMPTY_BODY = YES;
				CLANG_WARN_ENUM_CONVERSION = YES;
				CLANG_WARN_INT_CONVERSION = YES;
				CLANG_WARN_OBJC_ROOT_CLASS = YES_ERROR;
				CLANG_WARN_UNREACHABLE_CODE = YES;
				CLANG_WARN__DUPLICATE_METHOD_MATCH = YES;
				"CODE_SIGN_IDENTITY[sdk=iphoneos*]" = "iPhone Developer";
				COPY_PHASE_STRIP = NO;
				DEBUG_INFORMATION_FORMAT = dwarf;
				ENABLE_STRICT_OBJC_MSGSEND = YES;
				ENABLE_TESTABILITY = YES;
				GCC_C_LANGUAGE_STANDARD = gnu99;
				GCC_DYNAMIC_NO_PIC = NO;
				GCC_NO_COMMON_BLOCKS = YES;
				GCC_OPTIMIZATION_LEVEL = 0;
				GCC_PREPROCESSOR_DEFINITIONS = (
					"DEBUG=1",
					"$(inherited)",
				);
				GCC_WARN_64_TO_32_BIT_CONVERSION = YES;
				GCC_WARN_ABOUT_RETURN_TYPE = YES_ERROR;
				GCC_WARN_UNDECLARED_SELECTOR = YES;
				GCC_WARN_UNINITIALIZED_AUTOS = YES_AGGRESSIVE;
				GCC_WARN_UNUSED_FUNCTION = YES;
				GCC_WARN_UNUSED_VARIABLE = YES;
				IPHONEOS_DEPLOYMENT_TARGET = 8.0;
				MTL_ENABLE_DEBUG_INFO = YES;
				ONLY_ACTIVE_ARCH = YES;
				OTHER_LDFLAGS = "-ObjC";
				SDKROOT = iphoneos;
				TARGETED_DEVICE_FAMILY = "1,2";
			};
			name = Debug;
		};
		0D2DA36C1D051498005609D2 /* Release */ = {
			isa = XCBuildConfiguration;
			buildSettings = {
				ALWAYS_SEARCH_USER_PATHS = NO;
				CLANG_ANALYZER_NONNULL = YES;
				CLANG_CXX_LANGUAGE_STANDARD = "gnu++0x";
				CLANG_CXX_LIBRARY = "libc++";
				CLANG_ENABLE_MODULES = YES;
				CLANG_ENABLE_OBJC_ARC = YES;
				CLANG_WARN_BOOL_CONVERSION = YES;
				CLANG_WARN_CONSTANT_CONVERSION = YES;
				CLANG_WARN_DIRECT_OBJC_ISA_USAGE = YES_ERROR;
				CLANG_WARN_EMPTY_BODY = YES;
				CLANG_WARN_ENUM_CONVERSION = YES;
				CLANG_WARN_INT_CONVERSION = YES;
				CLANG_WARN_OBJC_ROOT_CLASS = YES_ERROR;
				CLANG_WARN_UNREACHABLE_CODE = YES;
				CLANG_WARN__DUPLICATE_METHOD_MATCH = YES;
				"CODE_SIGN_IDENTITY[sdk=iphoneos*]" = "iPhone Developer";
				COPY_PHASE_STRIP = NO;
				DEBUG_INFORMATION_FORMAT = "dwarf-with-dsym";
				ENABLE_NS_ASSERTIONS = NO;
				ENABLE_STRICT_OBJC_MSGSEND = YES;
				GCC_C_LANGUAGE_STANDARD = gnu99;
				GCC_NO_COMMON_BLOCKS = YES;
				GCC_WARN_64_TO_32_BIT_CONVERSION = YES;
				GCC_WARN_ABOUT_RETURN_TYPE = YES_ERROR;
				GCC_WARN_UNDECLARED_SELECTOR = YES;
				GCC_WARN_UNINITIALIZED_AUTOS = YES_AGGRESSIVE;
				GCC_WARN_UNUSED_FUNCTION = YES;
				GCC_WARN_UNUSED_VARIABLE = YES;
				IPHONEOS_DEPLOYMENT_TARGET = 8.0;
				MTL_ENABLE_DEBUG_INFO = NO;
				OTHER_LDFLAGS = "-ObjC";
				SDKROOT = iphoneos;
				TARGETED_DEVICE_FAMILY = "1,2";
				VALIDATE_PRODUCT = YES;
			};
			name = Release;
		};
		0D2DA36E1D051498005609D2 /* Debug */ = {
			isa = XCBuildConfiguration;
			baseConfigurationReference = 71BCFD2D5CE3D5F91D86B499 /* Pods.debug.xcconfig */;
			buildSettings = {
				ASSETCATALOG_COMPILER_APPICON_NAME = AppIcon;
				FRAMEWORK_SEARCH_PATHS = (
					"$(inherited)",
					"$(PROJECT_DIR)/FogCloud",
				);
				GCC_INCREASE_PRECOMPILED_HEADER_SHARING = NO;
				GCC_PRECOMPILE_PREFIX_HEADER = YES;
				GCC_PREFIX_HEADER = "$(SRCROOT)/WB/PrefixHeader.pch";
				INFOPLIST_FILE = WB/Info.plist;
				IPHONEOS_DEPLOYMENT_TARGET = 8.0;
				LD_RUNPATH_SEARCH_PATHS = "$(inherited) @executable_path/Frameworks";
				LIBRARY_SEARCH_PATHS = (
					"$(inherited)",
					"$(PROJECT_DIR)/FogCloud",
				);
				ONLY_ACTIVE_ARCH = NO;
				PRODUCT_BUNDLE_IDENTIFIER = HYN.WB;
				PRODUCT_NAME = "$(TARGET_NAME)";
			};
			name = Debug;
		};
		0D2DA36F1D051498005609D2 /* Release */ = {
			isa = XCBuildConfiguration;
			baseConfigurationReference = C403D67C21C0A4647D55D2D3 /* Pods.release.xcconfig */;
			buildSettings = {
				ASSETCATALOG_COMPILER_APPICON_NAME = AppIcon;
				FRAMEWORK_SEARCH_PATHS = (
					"$(inherited)",
					"$(PROJECT_DIR)/FogCloud",
				);
				GCC_INCREASE_PRECOMPILED_HEADER_SHARING = NO;
				GCC_PRECOMPILE_PREFIX_HEADER = YES;
				GCC_PREFIX_HEADER = "$(SRCROOT)/WB/PrefixHeader.pch";
				INFOPLIST_FILE = WB/Info.plist;
				IPHONEOS_DEPLOYMENT_TARGET = 8.0;
				LD_RUNPATH_SEARCH_PATHS = "$(inherited) @executable_path/Frameworks";
				LIBRARY_SEARCH_PATHS = (
					"$(inherited)",
					"$(PROJECT_DIR)/FogCloud",
				);
				ONLY_ACTIVE_ARCH = NO;
				PRODUCT_BUNDLE_IDENTIFIER = HYN.WB;
				PRODUCT_NAME = "$(TARGET_NAME)";
			};
			name = Release;
		};
/* End XCBuildConfiguration section */

/* Begin XCConfigurationList section */
		0D2DA3511D051497005609D2 /* Build configuration list for PBXProject "WB" */ = {
			isa = XCConfigurationList;
			buildConfigurations = (
				0D2DA36B1D051498005609D2 /* Debug */,
				0D2DA36C1D051498005609D2 /* Release */,
			);
			defaultConfigurationIsVisible = 0;
			defaultConfigurationName = Release;
		};
		0D2DA36D1D051498005609D2 /* Build configuration list for PBXNativeTarget "WB" */ = {
			isa = XCConfigurationList;
			buildConfigurations = (
				0D2DA36E1D051498005609D2 /* Debug */,
				0D2DA36F1D051498005609D2 /* Release */,
			);
			defaultConfigurationIsVisible = 0;
			defaultConfigurationName = Release;
		};
/* End XCConfigurationList section */
	};
	rootObject = 0D2DA34E1D051497005609D2 /* Project object */;
}
